{
  "version": 4,
  "terraform_version": "1.9.2",
  "serial": 17,
  "lineage": "19564b1d-333b-b9f6-1ce6-85b458a850da",
  "outputs": {},
  "resources": [
    {
      "mode": "managed",
      "type": "azurerm_linux_web_app",
      "name": "app",
      "provider": "provider[\"registry.terraform.io/hashicorp/azurerm\"]",
      "instances": [
        {
          "schema_version": 1,
          "attributes": {
            "app_settings": {
              "SOME_KEY": "some-value"
            },
            "auth_settings": [],
            "auth_settings_v2": [],
            "backup": [],
            "client_affinity_enabled": false,
            "client_certificate_enabled": false,
            "client_certificate_exclusion_paths": "",
            "client_certificate_mode": "Required",
            "connection_string": [],
            "custom_domain_verification_id": "87E498D3AE28FF78FDEE179A593A1A71A5B6D300DE812A9EAEE7282A58FAE84D",
            "default_hostname": "webapp-78612345.azurewebsites.net",
            "enabled": true,
            "ftp_publish_basic_authentication_enabled": true,
            "hosting_environment_id": "",
            "https_only": false,
            "id": "/subscriptions/ec8dcf96-6399-4f86-8d74-c9dea945b45d/resourceGroups/Webapp-rg/providers/Microsoft.Web/sites/Webapp-78612345",
            "identity": [],
            "key_vault_reference_identity_id": "SystemAssigned",
            "kind": "app,linux",
            "location": "westeurope",
            "logs": [],
            "name": "Webapp-78612345",
            "outbound_ip_address_list": [
              "135.236.70.23",
              "135.236.70.26",
              "135.236.70.38",
              "135.236.70.45",
              "135.236.70.52",
              "135.236.70.54",
              "135.236.69.156",
              "135.236.69.159",
              "135.236.69.165",
              "135.236.69.177",
              "135.236.69.78",
              "135.236.69.183",
              "20.105.232.53"
            ],
            "outbound_ip_addresses": "135.236.70.23,135.236.70.26,135.236.70.38,135.236.70.45,135.236.70.52,135.236.70.54,135.236.69.156,135.236.69.159,135.236.69.165,135.236.69.177,135.236.69.78,135.236.69.183,20.105.232.53",
            "possible_outbound_ip_address_list": [
              "135.236.70.23",
              "135.236.70.26",
              "135.236.70.38",
              "135.236.70.45",
              "135.236.70.52",
              "135.236.70.54",
              "135.236.69.156",
              "135.236.69.159",
              "135.236.69.165",
              "135.236.69.177",
              "135.236.69.78",
              "135.236.69.183",
              "135.236.69.188",
              "135.236.66.128",
              "135.236.69.193",
              "135.236.69.195",
              "135.236.69.204",
              "135.236.69.209",
              "135.236.69.211",
              "135.236.69.217",
              "135.236.69.222",
              "135.236.69.229",
              "135.236.69.239",
              "135.236.70.5",
              "135.236.70.23",
              "135.236.70.26",
              "135.236.70.38",
              "135.236.70.45",
              "135.236.70.52",
              "135.236.70.54",
              "135.236.69.244",
              "135.236.70.74",
              "135.236.70.76",
              "135.236.70.78",
              "135.236.66.111",
              "135.236.70.84",
              "20.105.232.53"
            ],
            "possible_outbound_ip_addresses": "135.236.70.23,135.236.70.26,135.236.70.38,135.236.70.45,135.236.70.52,135.236.70.54,135.236.69.156,135.236.69.159,135.236.69.165,135.236.69.177,135.236.69.78,135.236.69.183,135.236.69.188,135.236.66.128,135.236.69.193,135.236.69.195,135.236.69.204,135.236.69.209,135.236.69.211,135.236.69.217,135.236.69.222,135.236.69.229,135.236.69.239,135.236.70.5,135.236.70.23,135.236.70.26,135.236.70.38,135.236.70.45,135.236.70.52,135.236.70.54,135.236.69.244,135.236.70.74,135.236.70.76,135.236.70.78,135.236.66.111,135.236.70.84,20.105.232.53",
            "public_network_access_enabled": true,
            "resource_group_name": "Webapp-rg",
            "service_plan_id": "/subscriptions/ec8dcf96-6399-4f86-8d74-c9dea945b45d/resourceGroups/Webapp-rg/providers/Microsoft.Web/serverFarms/Webapp-plan",
            "site_config": [
              {
                "always_on": false,
                "api_definition_url": "",
                "api_management_api_id": "",
                "app_command_line": "",
                "application_stack": [
                  {
                    "docker_image": "",
                    "docker_image_name": "",
                    "docker_image_tag": "",
                    "docker_registry_password": "",
                    "docker_registry_url": "",
                    "docker_registry_username": "",
                    "dotnet_version": "6.0",
                    "go_version": "",
                    "java_server": "",
                    "java_server_version": "",
                    "java_version": "",
                    "node_version": "",
                    "php_version": "",
                    "python_version": "",
                    "ruby_version": ""
                  }
                ],
                "auto_heal_enabled": false,
                "auto_heal_setting": [],
                "container_registry_managed_identity_client_id": "",
                "container_registry_use_managed_identity": false,
                "cors": [],
                "default_documents": [
                  "Default.htm",
                  "Default.html",
                  "Default.asp",
                  "index.htm",
                  "index.html",
                  "iisstart.htm",
                  "default.aspx",
                  "index.php",
                  "hostingstart.html"
                ],
                "detailed_error_logging_enabled": false,
                "ftps_state": "Disabled",
                "health_check_eviction_time_in_min": 0,
                "health_check_path": "",
                "http2_enabled": false,
                "ip_restriction": [],
                "ip_restriction_default_action": "Allow",
                "linux_fx_version": "DOTNETCORE|6.0",
                "load_balancing_mode": "LeastRequests",
                "local_mysql_enabled": false,
                "managed_pipeline_mode": "Integrated",
                "minimum_tls_version": "1.2",
                "remote_debugging_enabled": false,
                "remote_debugging_version": "VS2022",
                "scm_ip_restriction": [],
                "scm_ip_restriction_default_action": "Allow",
                "scm_minimum_tls_version": "1.2",
                "scm_type": "None",
                "scm_use_main_ip_restriction": false,
                "use_32_bit_worker": true,
                "vnet_route_all_enabled": false,
                "websockets_enabled": false,
                "worker_count": 1
              }
            ],
            "site_credential": [
              {
                "name": "$Webapp-78612345",
                "password": "PzKyuLjPyW65rjFwaK1PfxeEt1vTjbwwzARPrNmrm39NlhthPQjPrHE16A04"
              }
            ],
            "sticky_settings": [],
            "storage_account": [],
            "tags": null,
            "timeouts": null,
            "virtual_network_subnet_id": "",
            "webdeploy_publish_basic_authentication_enabled": true,
            "zip_deploy_file": ""
          },
          "sensitive_attributes": [
            [
              {
                "type": "get_attr",
                "value": "custom_domain_verification_id"
              }
            ],
            [
              {
                "type": "get_attr",
                "value": "site_config"
              },
              {
                "type": "index",
                "value": {
                  "value": 0,
                  "type": "number"
                }
              },
              {
                "type": "get_attr",
                "value": "application_stack"
              },
              {
                "type": "index",
                "value": {
                  "value": 0,
                  "type": "number"
                }
              },
              {
                "type": "get_attr",
                "value": "docker_registry_password"
              }
            ],
            [
              {
                "type": "get_attr",
                "value": "site_credential"
              }
            ]
          ],
          "private": "eyJlMmJmYjczMC1lY2FhLTExZTYtOGY4OC0zNDM2M2JjN2M0YzAiOnsiY3JlYXRlIjoxODAwMDAwMDAwMDAwLCJkZWxldGUiOjE4MDAwMDAwMDAwMDAsInJlYWQiOjMwMDAwMDAwMDAwMCwidXBkYXRlIjoxODAwMDAwMDAwMDAwfSwic2NoZW1hX3ZlcnNpb24iOiIxIn0=",
          "dependencies": [
            "azurerm_resource_group.rg",
            "azurerm_service_plan.webplan"
          ]
        }
      ]
    },
    {
      "mode": "managed",
      "type": "azurerm_monitor_autoscale_setting",
      "name": "autscale",
      "provider": "provider[\"registry.terraform.io/hashicorp/azurerm\"]",
      "instances": [
        {
          "schema_version": 2,
          "attributes": {
            "enabled": true,
            "id": "/subscriptions/ec8dcf96-6399-4f86-8d74-c9dea945b45d/resourceGroups/Webapp-rg/providers/Microsoft.Insights/autoScaleSettings/Webapp-autoscale",
            "location": "westeurope",
            "name": "Webapp-autoscale",
            "notification": [
              {
                "email": [
                  {
                    "custom_emails": [
                      "tst@gmail.com"
                    ],
                    "send_to_subscription_administrator": false,
                    "send_to_subscription_co_administrator": false
                  }
                ],
                "webhook": []
              }
            ],
            "predictive": [],
            "profile": [
              {
                "capacity": [
                  {
                    "default": 1,
                    "maximum": 2,
                    "minimum": 1
                  }
                ],
                "fixed_date": [],
                "name": "defaultProfile",
                "recurrence": [],
                "rule": [
                  {
                    "metric_trigger": [
                      {
                        "dimensions": [],
                        "divide_by_instance_count": false,
                        "metric_name": "CpuPercentage",
                        "metric_namespace": "",
                        "metric_resource_id": "/subscriptions/ec8dcf96-6399-4f86-8d74-c9dea945b45d/resourceGroups/Webapp-rg/providers/Microsoft.Web/serverFarms/Webapp-plan",
                        "operator": "GreaterThan",
                        "statistic": "Average",
                        "threshold": 5,
                        "time_aggregation": "Average",
                        "time_grain": "PT1M",
                        "time_window": "PT5M"
                      }
                    ],
                    "scale_action": [
                      {
                        "cooldown": "PT1M",
                        "direction": "Increase",
                        "type": "ChangeCount",
                        "value": 1
                      }
                    ]
                  },
                  {
                    "metric_trigger": [
                      {
                        "dimensions": [],
                        "divide_by_instance_count": false,
                        "metric_name": "CpuPercentage",
                        "metric_namespace": "",
                        "metric_resource_id": "/subscriptions/ec8dcf96-6399-4f86-8d74-c9dea945b45d/resourceGroups/Webapp-rg/providers/Microsoft.Web/serverFarms/Webapp-plan",
                        "operator": "LessThan",
                        "statistic": "Average",
                        "threshold": 80,
                        "time_aggregation": "Average",
                        "time_grain": "PT1M",
                        "time_window": "PT5M"
                      }
                    ],
                    "scale_action": [
                      {
                        "cooldown": "PT1M",
                        "direction": "Decrease",
                        "type": "ChangeCount",
                        "value": 1
                      }
                    ]
                  }
                ]
              }
            ],
            "resource_group_name": "Webapp-rg",
            "tags": {},
            "target_resource_id": "/subscriptions/ec8dcf96-6399-4f86-8d74-c9dea945b45d/resourceGroups/Webapp-rg/providers/Microsoft.Web/serverFarms/Webapp-plan",
            "timeouts": null
          },
          "sensitive_attributes": [],
          "private": "eyJlMmJmYjczMC1lY2FhLTExZTYtOGY4OC0zNDM2M2JjN2M0YzAiOnsiY3JlYXRlIjoxODAwMDAwMDAwMDAwLCJkZWxldGUiOjE4MDAwMDAwMDAwMDAsInJlYWQiOjMwMDAwMDAwMDAwMCwidXBkYXRlIjoxODAwMDAwMDAwMDAwfSwic2NoZW1hX3ZlcnNpb24iOiIyIn0=",
          "dependencies": [
            "azurerm_resource_group.rg",
            "azurerm_service_plan.webplan"
          ]
        }
      ]
    },
    {
      "mode": "managed",
      "type": "azurerm_resource_group",
      "name": "rg",
      "provider": "provider[\"registry.terraform.io/hashicorp/azurerm\"]",
      "instances": [
        {
          "schema_version": 0,
          "attributes": {
            "id": "/subscriptions/ec8dcf96-6399-4f86-8d74-c9dea945b45d/resourceGroups/Webapp-rg",
            "location": "westeurope",
            "managed_by": "",
            "name": "Webapp-rg",
            "tags": {},
            "timeouts": null
          },
          "sensitive_attributes": [],
          "private": "eyJlMmJmYjczMC1lY2FhLTExZTYtOGY4OC0zNDM2M2JjN2M0YzAiOnsiY3JlYXRlIjo1NDAwMDAwMDAwMDAwLCJkZWxldGUiOjU0MDAwMDAwMDAwMDAsInJlYWQiOjMwMDAwMDAwMDAwMCwidXBkYXRlIjo1NDAwMDAwMDAwMDAwfX0="
        }
      ]
    },
    {
      "mode": "managed",
      "type": "azurerm_service_plan",
      "name": "webplan",
      "provider": "provider[\"registry.terraform.io/hashicorp/azurerm\"]",
      "instances": [
        {
          "schema_version": 1,
          "attributes": {
            "app_service_environment_id": "",
            "id": "/subscriptions/ec8dcf96-6399-4f86-8d74-c9dea945b45d/resourceGroups/Webapp-rg/providers/Microsoft.Web/serverFarms/Webapp-plan",
            "kind": "linux",
            "location": "westeurope",
            "maximum_elastic_worker_count": 1,
            "name": "Webapp-plan",
            "os_type": "Linux",
            "per_site_scaling_enabled": false,
            "reserved": true,
            "resource_group_name": "Webapp-rg",
            "sku_name": "S1",
            "tags": {},
            "timeouts": null,
            "worker_count": 1,
            "zone_balancing_enabled": false
          },
          "sensitive_attributes": [],
          "private": "eyJlMmJmYjczMC1lY2FhLTExZTYtOGY4OC0zNDM2M2JjN2M0YzAiOnsiY3JlYXRlIjozNjAwMDAwMDAwMDAwLCJkZWxldGUiOjM2MDAwMDAwMDAwMDAsInJlYWQiOjMwMDAwMDAwMDAwMCwidXBkYXRlIjozNjAwMDAwMDAwMDAwfSwic2NoZW1hX3ZlcnNpb24iOiIxIn0=",
          "dependencies": [
            "azurerm_resource_group.rg"
          ]
        }
      ]
    }
  ],
  "check_results": null
}
