{
  "version": 4,
  "terraform_version": "1.9.2",
  "serial": 13,
  "lineage": "fde392ba-ed2d-2e93-48aa-0de233d7f305",
  "outputs": {
    "registry_name": {
      "value": "demotf001acr",
      "type": "string"
    },
    "sku": {
      "value": "Basic",
      "type": "string"
    }
  },
  "resources": [
    {
      "mode": "managed",
      "type": "azurerm_container_registry",
      "name": "this",
      "provider": "provider[\"registry.terraform.io/hashicorp/azurerm\"]",
      "instances": []
    },
    {
      "mode": "managed",
      "type": "azurerm_log_analytics_workspace",
      "name": "law",
      "provider": "provider[\"registry.terraform.io/hashicorp/azurerm\"]",
      "instances": [
        {
          "schema_version": 3,
          "attributes": {
            "allow_resource_only_permissions": true,
            "cmk_for_query_forced": false,
            "daily_quota_gb": -1,
            "data_collection_rule_id": "",
            "id": "/subscriptions/ec8dcf96-6399-4f86-8d74-c9dea945b45d/resourceGroups/acr-rg/providers/Microsoft.OperationalInsights/workspaces/demotf786-law",
            "identity": [],
            "immediate_data_purge_on_30_days_enabled": false,
            "internet_ingestion_enabled": true,
            "internet_query_enabled": true,
            "local_authentication_disabled": false,
            "location": "westeurope",
            "name": "demotf786-law",
            "primary_shared_key": "fQsiBzTgTsSXYHBB1h20hQfOEZqRVYBI7rlZc++1Z0kspcEyXOp4O/YKxZEBeJWhkLmla82V4TwZBXtkpDlTSA==",
            "reservation_capacity_in_gb_per_day": null,
            "resource_group_name": "acr-rg",
            "retention_in_days": 30,
            "secondary_shared_key": "cEMOJi8HsEMg2fDWQick4CAjrVzqfixZABYqAnO28QOq2K0VZ2xuFoTJtlBhI4X2+51dDQpXFaQgQBEnAO27ZA==",
            "sku": "PerGB2018",
            "tags": null,
            "timeouts": null,
            "workspace_id": "922eaf7e-2520-472a-9383-51b092deef48"
          },
          "sensitive_attributes": [
            [
              {
                "type": "get_attr",
                "value": "primary_shared_key"
              }
            ],
            [
              {
                "type": "get_attr",
                "value": "secondary_shared_key"
              }
            ]
          ],
          "private": "eyJlMmJmYjczMC1lY2FhLTExZTYtOGY4OC0zNDM2M2JjN2M0YzAiOnsiY3JlYXRlIjoxODAwMDAwMDAwMDAwLCJkZWxldGUiOjE4MDAwMDAwMDAwMDAsInJlYWQiOjMwMDAwMDAwMDAwMCwidXBkYXRlIjoxODAwMDAwMDAwMDAwfSwic2NoZW1hX3ZlcnNpb24iOiIzIn0=",
          "dependencies": [
            "azurerm_resource_group.acr_rg"
          ]
        }
      ]
    },
    {
      "mode": "managed",
      "type": "azurerm_resource_group",
      "name": "acr_rg",
      "provider": "provider[\"registry.terraform.io/hashicorp/azurerm\"]",
      "instances": [
        {
          "schema_version": 0,
          "attributes": {
            "id": "/subscriptions/ec8dcf96-6399-4f86-8d74-c9dea945b45d/resourceGroups/acr-rg",
            "location": "westeurope",
            "managed_by": "",
            "name": "acr-rg",
            "tags": null,
            "timeouts": null
          },
          "sensitive_attributes": [],
          "private": "eyJlMmJmYjczMC1lY2FhLTExZTYtOGY4OC0zNDM2M2JjN2M0YzAiOnsiY3JlYXRlIjo1NDAwMDAwMDAwMDAwLCJkZWxldGUiOjU0MDAwMDAwMDAwMDAsInJlYWQiOjMwMDAwMDAwMDAwMCwidXBkYXRlIjo1NDAwMDAwMDAwMDAwfX0="
        }
      ]
    }
  ],
  "check_results": [
    {
      "object_kind": "var",
      "config_addr": "var.sku",
      "status": "pass",
      "objects": [
        {
          "object_addr": "var.sku",
          "status": "pass"
        }
      ]
    },
    {
      "object_kind": "resource",
      "config_addr": "azurerm_container_registry.this",
      "status": "pass",
      "objects": [
        {
          "object_addr": "azurerm_container_registry.this",
          "status": "pass"
        }
      ]
    },
    {
      "object_kind": "var",
      "config_addr": "var.georeplications",
      "status": "pass",
      "objects": [
        {
          "object_addr": "var.georeplications",
          "status": "pass"
        }
      ]
    }
  ]
}
