{
  "version": 4,
  "terraform_version": "1.9.2",
  "serial": 16,
  "lineage": "fde392ba-ed2d-2e93-48aa-0de233d7f305",
  "outputs": {
    "registry_admin_password": {
      "value": "",
      "type": "string",
      "sensitive": true
    },
    "registry_admin_username": {
      "value": "",
      "type": "string"
    },
    "registry_id": {
      "value": "/subscriptions/ec8dcf96-6399-4f86-8d74-c9dea945b45d/resourceGroups/acr-rg/providers/Microsoft.ContainerRegistry/registries/demotf001acr",
      "type": "string"
    },
    "registry_login_server": {
      "value": "demotf001acr.azurecr.io",
      "type": "string"
    },
    "registry_name": {
      "value": "demotf001acr",
      "type": "string"
    },
    "sku": {
      "value": "Basic",
      "type": "string"
    }
  },
  "resources": [
    {
      "mode": "managed",
      "type": "azurerm_container_registry",
      "name": "this",
      "provider": "provider[\"registry.terraform.io/hashicorp/azurerm\"]",
      "instances": [
        {
          "schema_version": 2,
          "attributes": {
            "admin_enabled": false,
            "admin_password": "",
            "admin_username": "",
            "anonymous_pull_enabled": false,
            "data_endpoint_enabled": false,
            "encryption": [
              {
                "enabled": false,
                "identity_client_id": "",
                "key_vault_key_id": ""
              }
            ],
            "export_policy_enabled": true,
            "georeplications": [],
            "id": "/subscriptions/ec8dcf96-6399-4f86-8d74-c9dea945b45d/resourceGroups/acr-rg/providers/Microsoft.ContainerRegistry/registries/demotf001acr",
            "identity": [],
            "location": "westeurope",
            "login_server": "demotf001acr.azurecr.io",
            "name": "demotf001acr",
            "network_rule_bypass_option": "AzureServices",
            "network_rule_set": [],
            "public_network_access_enabled": true,
            "quarantine_policy_enabled": false,
            "resource_group_name": "acr-rg",
            "retention_policy": [
              {
                "days": 7,
                "enabled": false
              }
            ],
            "sku": "Basic",
            "tags": null,
            "timeouts": null,
            "trust_policy": [
              {
                "enabled": false
              }
            ],
            "zone_redundancy_enabled": false
          },
          "sensitive_attributes": [
            [
              {
                "type": "get_attr",
                "value": "admin_password"
              }
            ]
          ],
          "private": "eyJlMmJmYjczMC1lY2FhLTExZTYtOGY4OC0zNDM2M2JjN2M0YzAiOnsiY3JlYXRlIjoxODAwMDAwMDAwMDAwLCJkZWxldGUiOjE4MDAwMDAwMDAwMDAsInJlYWQiOjMwMDAwMDAwMDAwMCwidXBkYXRlIjoxODAwMDAwMDAwMDAwfSwic2NoZW1hX3ZlcnNpb24iOiIyIn0=",
          "dependencies": [
            "azurerm_resource_group.acr_rg"
          ]
        }
      ]
    },
    {
      "mode": "managed",
      "type": "azurerm_log_analytics_workspace",
      "name": "law",
      "provider": "provider[\"registry.terraform.io/hashicorp/azurerm\"]",
      "instances": [
        {
          "schema_version": 3,
          "attributes": {
            "allow_resource_only_permissions": true,
            "cmk_for_query_forced": false,
            "daily_quota_gb": -1,
            "data_collection_rule_id": "",
            "id": "/subscriptions/ec8dcf96-6399-4f86-8d74-c9dea945b45d/resourceGroups/acr-rg/providers/Microsoft.OperationalInsights/workspaces/demotf786-law",
            "identity": [],
            "immediate_data_purge_on_30_days_enabled": false,
            "internet_ingestion_enabled": true,
            "internet_query_enabled": true,
            "local_authentication_disabled": false,
            "location": "westeurope",
            "name": "demotf786-law",
            "primary_shared_key": "fQsiBzTgTsSXYHBB1h20hQfOEZqRVYBI7rlZc++1Z0kspcEyXOp4O/YKxZEBeJWhkLmla82V4TwZBXtkpDlTSA==",
            "reservation_capacity_in_gb_per_day": null,
            "resource_group_name": "acr-rg",
            "retention_in_days": 30,
            "secondary_shared_key": "cEMOJi8HsEMg2fDWQick4CAjrVzqfixZABYqAnO28QOq2K0VZ2xuFoTJtlBhI4X2+51dDQpXFaQgQBEnAO27ZA==",
            "sku": "PerGB2018",
            "tags": {},
            "timeouts": null,
            "workspace_id": "922eaf7e-2520-472a-9383-51b092deef48"
          },
          "sensitive_attributes": [
            [
              {
                "type": "get_attr",
                "value": "secondary_shared_key"
              }
            ],
            [
              {
                "type": "get_attr",
                "value": "primary_shared_key"
              }
            ]
          ],
          "private": "eyJlMmJmYjczMC1lY2FhLTExZTYtOGY4OC0zNDM2M2JjN2M0YzAiOnsiY3JlYXRlIjoxODAwMDAwMDAwMDAwLCJkZWxldGUiOjE4MDAwMDAwMDAwMDAsInJlYWQiOjMwMDAwMDAwMDAwMCwidXBkYXRlIjoxODAwMDAwMDAwMDAwfSwic2NoZW1hX3ZlcnNpb24iOiIzIn0=",
          "dependencies": [
            "azurerm_resource_group.acr_rg"
          ]
        }
      ]
    },
    {
      "mode": "managed",
      "type": "azurerm_monitor_diagnostic_setting",
      "name": "this",
      "provider": "provider[\"registry.terraform.io/hashicorp/azurerm\"]",
      "instances": [
        {
          "schema_version": 0,
          "attributes": {
            "enabled_log": [
              {
                "category": "ContainerRegistryLoginEvents",
                "category_group": "",
                "retention_policy": []
              },
              {
                "category": "ContainerRegistryRepositoryEvents",
                "category_group": "",
                "retention_policy": []
              }
            ],
            "eventhub_authorization_rule_id": "",
            "eventhub_name": "",
            "id": "/subscriptions/ec8dcf96-6399-4f86-8d74-c9dea945b45d/resourceGroups/acr-rg/providers/Microsoft.ContainerRegistry/registries/demotf001acr|audit-logs",
            "log": [
              {
                "category": "ContainerRegistryLoginEvents",
                "category_group": "",
                "enabled": true,
                "retention_policy": [
                  {
                    "days": 0,
                    "enabled": false
                  }
                ]
              },
              {
                "category": "ContainerRegistryRepositoryEvents",
                "category_group": "",
                "enabled": true,
                "retention_policy": [
                  {
                    "days": 0,
                    "enabled": false
                  }
                ]
              }
            ],
            "log_analytics_destination_type": "",
            "log_analytics_workspace_id": "/subscriptions/ec8dcf96-6399-4f86-8d74-c9dea945b45d/resourceGroups/acr-rg/providers/Microsoft.OperationalInsights/workspaces/demotf786-law",
            "metric": [
              {
                "category": "AllMetrics",
                "enabled": false,
                "retention_policy": []
              }
            ],
            "name": "audit-logs",
            "partner_solution_id": null,
            "storage_account_id": null,
            "target_resource_id": "/subscriptions/ec8dcf96-6399-4f86-8d74-c9dea945b45d/resourceGroups/acr-rg/providers/Microsoft.ContainerRegistry/registries/demotf001acr",
            "timeouts": null
          },
          "sensitive_attributes": [],
          "private": "eyJlMmJmYjczMC1lY2FhLTExZTYtOGY4OC0zNDM2M2JjN2M0YzAiOnsiY3JlYXRlIjoxODAwMDAwMDAwMDAwLCJkZWxldGUiOjM2MDAwMDAwMDAwMDAsInJlYWQiOjMwMDAwMDAwMDAwMCwidXBkYXRlIjoxODAwMDAwMDAwMDAwfX0=",
          "dependencies": [
            "azurerm_container_registry.this",
            "azurerm_log_analytics_workspace.law",
            "azurerm_resource_group.acr_rg"
          ]
        }
      ]
    },
    {
      "mode": "managed",
      "type": "azurerm_resource_group",
      "name": "acr_rg",
      "provider": "provider[\"registry.terraform.io/hashicorp/azurerm\"]",
      "instances": [
        {
          "schema_version": 0,
          "attributes": {
            "id": "/subscriptions/ec8dcf96-6399-4f86-8d74-c9dea945b45d/resourceGroups/acr-rg",
            "location": "westeurope",
            "managed_by": "",
            "name": "acr-rg",
            "tags": {},
            "timeouts": null
          },
          "sensitive_attributes": [],
          "private": "eyJlMmJmYjczMC1lY2FhLTExZTYtOGY4OC0zNDM2M2JjN2M0YzAiOnsiY3JlYXRlIjo1NDAwMDAwMDAwMDAwLCJkZWxldGUiOjU0MDAwMDAwMDAwMDAsInJlYWQiOjMwMDAwMDAwMDAwMCwidXBkYXRlIjo1NDAwMDAwMDAwMDAwfX0="
        }
      ]
    }
  ],
  "check_results": [
    {
      "object_kind": "var",
      "config_addr": "var.sku",
      "status": "pass",
      "objects": [
        {
          "object_addr": "var.sku",
          "status": "pass"
        }
      ]
    },
    {
      "object_kind": "resource",
      "config_addr": "azurerm_container_registry.this",
      "status": "pass",
      "objects": [
        {
          "object_addr": "azurerm_container_registry.this",
          "status": "pass"
        }
      ]
    },
    {
      "object_kind": "var",
      "config_addr": "var.georeplications",
      "status": "pass",
      "objects": [
        {
          "object_addr": "var.georeplications",
          "status": "pass"
        }
      ]
    }
  ]
}
