{
  "version": 4,
  "terraform_version": "1.9.2",
  "serial": 27,
  "lineage": "f2a61e01-a066-24c9-d6d0-162b72c57362",
  "outputs": {},
  "resources": [
    {
      "module": "module.ACR",
      "mode": "managed",
      "type": "azurerm_container_registry",
      "name": "this",
      "provider": "provider[\"registry.terraform.io/hashicorp/azurerm\"]",
      "instances": [
        {
          "schema_version": 2,
          "attributes": {
            "admin_enabled": false,
            "admin_password": "",
            "admin_username": "",
            "anonymous_pull_enabled": false,
            "data_endpoint_enabled": false,
            "encryption": [
              {
                "enabled": false,
                "identity_client_id": "",
                "key_vault_key_id": ""
              }
            ],
            "export_policy_enabled": true,
            "georeplications": [],
            "id": "/subscriptions/ec8dcf96-6399-4f86-8d74-c9dea945b45d/resourceGroups/Delphi/providers/Microsoft.ContainerRegistry/registries/demotf001acr",
            "identity": [],
            "location": "westeurope",
            "login_server": "demotf001acr.azurecr.io",
            "name": "demotf001acr",
            "network_rule_bypass_option": "AzureServices",
            "network_rule_set": [],
            "public_network_access_enabled": true,
            "quarantine_policy_enabled": false,
            "resource_group_name": "Delphi",
            "retention_policy": [
              {
                "days": 7,
                "enabled": false
              }
            ],
            "sku": "Basic",
            "tags": {},
            "timeouts": null,
            "trust_policy": [
              {
                "enabled": false
              }
            ],
            "zone_redundancy_enabled": false
          },
          "sensitive_attributes": [
            [
              {
                "type": "get_attr",
                "value": "admin_password"
              }
            ]
          ],
          "private": "eyJlMmJmYjczMC1lY2FhLTExZTYtOGY4OC0zNDM2M2JjN2M0YzAiOnsiY3JlYXRlIjoxODAwMDAwMDAwMDAwLCJkZWxldGUiOjE4MDAwMDAwMDAwMDAsInJlYWQiOjMwMDAwMDAwMDAwMCwidXBkYXRlIjoxODAwMDAwMDAwMDAwfSwic2NoZW1hX3ZlcnNpb24iOiIyIn0=",
          "dependencies": [
            "module.ResourceGroup.azurerm_resource_group.rg"
          ]
        }
      ]
    },
    {
      "module": "module.ACR",
      "mode": "managed",
      "type": "azurerm_log_analytics_workspace",
      "name": "law",
      "provider": "provider[\"registry.terraform.io/hashicorp/azurerm\"]",
      "instances": [
        {
          "schema_version": 3,
          "attributes": {
            "allow_resource_only_permissions": true,
            "cmk_for_query_forced": false,
            "daily_quota_gb": -1,
            "data_collection_rule_id": "",
            "id": "/subscriptions/ec8dcf96-6399-4f86-8d74-c9dea945b45d/resourceGroups/Delphi/providers/Microsoft.OperationalInsights/workspaces/demotf786-law",
            "identity": [],
            "immediate_data_purge_on_30_days_enabled": false,
            "internet_ingestion_enabled": true,
            "internet_query_enabled": true,
            "local_authentication_disabled": false,
            "location": "westeurope",
            "name": "demotf786-law",
            "primary_shared_key": "IjxFwGrO4tcoMutACmR0ck02g5xRvJ0Jbli5lq2HiOJz80xtYF2Y9VVvW2hw1kcmvFeSVS5CSwLP7ojPBcnikQ==",
            "reservation_capacity_in_gb_per_day": null,
            "resource_group_name": "Delphi",
            "retention_in_days": 30,
            "secondary_shared_key": "9JULned3t+7rzNskmnuJxPyzqlhaoJvbaP7up3e+uNN386BsC8+VyiuJU1qLAT5K8i9Xpn6RD6P8WsfTywgjlA==",
            "sku": "PerGB2018",
            "tags": {},
            "timeouts": null,
            "workspace_id": "10be6818-554a-4dc9-b224-43557ece8401"
          },
          "sensitive_attributes": [
            [
              {
                "type": "get_attr",
                "value": "primary_shared_key"
              }
            ],
            [
              {
                "type": "get_attr",
                "value": "secondary_shared_key"
              }
            ]
          ],
          "private": "eyJlMmJmYjczMC1lY2FhLTExZTYtOGY4OC0zNDM2M2JjN2M0YzAiOnsiY3JlYXRlIjoxODAwMDAwMDAwMDAwLCJkZWxldGUiOjE4MDAwMDAwMDAwMDAsInJlYWQiOjMwMDAwMDAwMDAwMCwidXBkYXRlIjoxODAwMDAwMDAwMDAwfSwic2NoZW1hX3ZlcnNpb24iOiIzIn0=",
          "dependencies": [
            "module.ResourceGroup.azurerm_resource_group.rg"
          ]
        }
      ]
    },
    {
      "module": "module.ACR",
      "mode": "managed",
      "type": "azurerm_monitor_diagnostic_setting",
      "name": "this",
      "provider": "provider[\"registry.terraform.io/hashicorp/azurerm\"]",
      "instances": [
        {
          "schema_version": 0,
          "attributes": {
            "enabled_log": [
              {
                "category": "ContainerRegistryLoginEvents",
                "category_group": "",
                "retention_policy": [
                  {
                    "days": 0,
                    "enabled": false
                  }
                ]
              },
              {
                "category": "ContainerRegistryRepositoryEvents",
                "category_group": "",
                "retention_policy": [
                  {
                    "days": 0,
                    "enabled": false
                  }
                ]
              }
            ],
            "eventhub_authorization_rule_id": "",
            "eventhub_name": "",
            "id": "/subscriptions/ec8dcf96-6399-4f86-8d74-c9dea945b45d/resourceGroups/Delphi/providers/Microsoft.ContainerRegistry/registries/demotf001acr|audit-logs",
            "log": [
              {
                "category": "ContainerRegistryLoginEvents",
                "category_group": "",
                "enabled": true,
                "retention_policy": [
                  {
                    "days": 0,
                    "enabled": false
                  }
                ]
              },
              {
                "category": "ContainerRegistryRepositoryEvents",
                "category_group": "",
                "enabled": true,
                "retention_policy": [
                  {
                    "days": 0,
                    "enabled": false
                  }
                ]
              }
            ],
            "log_analytics_destination_type": "",
            "log_analytics_workspace_id": "/subscriptions/ec8dcf96-6399-4f86-8d74-c9dea945b45d/resourceGroups/Delphi/providers/Microsoft.OperationalInsights/workspaces/demotf786-law",
            "metric": [
              {
                "category": "AllMetrics",
                "enabled": false,
                "retention_policy": [
                  {
                    "days": 0,
                    "enabled": false
                  }
                ]
              }
            ],
            "name": "audit-logs",
            "partner_solution_id": null,
            "storage_account_id": null,
            "target_resource_id": "/subscriptions/ec8dcf96-6399-4f86-8d74-c9dea945b45d/resourceGroups/Delphi/providers/Microsoft.ContainerRegistry/registries/demotf001acr",
            "timeouts": null
          },
          "sensitive_attributes": [],
          "private": "eyJlMmJmYjczMC1lY2FhLTExZTYtOGY4OC0zNDM2M2JjN2M0YzAiOnsiY3JlYXRlIjoxODAwMDAwMDAwMDAwLCJkZWxldGUiOjM2MDAwMDAwMDAwMDAsInJlYWQiOjMwMDAwMDAwMDAwMCwidXBkYXRlIjoxODAwMDAwMDAwMDAwfX0=",
          "dependencies": [
            "module.ACR.azurerm_container_registry.this",
            "module.ACR.azurerm_log_analytics_workspace.law",
            "module.ResourceGroup.azurerm_resource_group.rg"
          ]
        }
      ]
    },
    {
      "module": "module.AKS",
      "mode": "managed",
      "type": "azapi_resource",
      "name": "ssh_public_key",
      "provider": "provider[\"registry.terraform.io/azure/azapi\"]",
      "instances": [
        {
          "schema_version": 1,
          "attributes": {
            "body": {
              "value": "{}",
              "type": "string"
            },
            "id": "/subscriptions/ec8dcf96-6399-4f86-8d74-c9dea945b45d/resourceGroups/Delphi/providers/Microsoft.Compute/sshPublicKeys/sshdestinedbeetle",
            "identity": [],
            "ignore_body_changes": null,
            "ignore_casing": false,
            "ignore_missing_property": true,
            "location": "East US",
            "locks": null,
            "name": "sshdestinedbeetle",
            "output": {
              "value": "{}",
              "type": "string"
            },
            "parent_id": "/subscriptions/ec8dcf96-6399-4f86-8d74-c9dea945b45d/resourceGroups/Delphi",
            "removing_special_chars": false,
            "response_export_values": null,
            "schema_validation_enabled": true,
            "tags": null,
            "timeouts": null,
            "type": "Microsoft.Compute/sshPublicKeys@2022-11-01"
          },
          "sensitive_attributes": [],
          "dependencies": [
            "module.AKS.random_pet.ssh_key_name",
            "module.ResourceGroup.azurerm_resource_group.rg"
          ]
        }
      ]
    },
    {
      "module": "module.AKS",
      "mode": "managed",
      "type": "azapi_resource_action",
      "name": "ssh_public_key_gen",
      "provider": "provider[\"registry.terraform.io/azure/azapi\"]",
      "instances": [
        {
          "schema_version": 1,
          "attributes": {
            "action": "generateKeyPair",
            "body": null,
            "id": "/subscriptions/ec8dcf96-6399-4f86-8d74-c9dea945b45d/resourceGroups/Delphi/providers/Microsoft.Compute/sshPublicKeys/sshdestinedbeetle/generateKeyPair",
            "locks": null,
            "method": "POST",
            "output": {
              "value": {
                "privateKey": "-----BEGIN RSA PRIVATE KEY-----\r\nMIIG5AIBAAKCAYEA3q8WCFlUvR9AnxXz3LRCK4lhAlxUfK9DiDBRjZkLJEjPZkRo\r\n0EAw2UDiS2TGw9K98iYH0DYvV8kbB3nppTm7Spf7R2OS62RwMs9+3jcC69nYU1aF\r\nhpYb6KG6dRNraoaYy0P0dPP/Uh9WcOP/4FJiZ/lRgqw/O3q0fu7q9j0TZLbM/eCv\r\n3qLUaJzNlLmtseihnFdijNd/cmLmQTXgiHNcDNLoF9kATE/tlJwHlQAklP1A5xv1\r\n3aYNWOYmU7CyJJpZzodCtIB5Ie2c37v6KUSBJbBmaNVfgxIlIHIF+3/QUxp8x3ak\r\ny4gQxlNWgXMuTPfBjyAsZ3Y/BDMO+ZNP+7pAR3VBwJi4bizvYkTLNZTiDUoLxyNn\r\nMdiSiKXnVZ3XvOIO50i0T0crZ+I7blVbwbzqTtAirMFE0T5LuYaJhiYQVg0p3Kqt\r\nX0IQTAuhpwyF4AdMRBQRVKAsLkqpmL/+WH2uXRLLxelmdt6X/cOI/JdF/vEfqvLW\r\nyAp6mawBszvgVfFtAgMBAAECggGBAK9MN1T1Na73lkBl4KYCRQDO0c4w7tWEhu4D\r\n039bVhkHNDV2buhZT9sGp93gBFSNZrfj1kzDCvvZNWzqPNKzosuy3r2xFiw10dk9\r\n3MqDlcoioJfiSZTMQEYeYpDda7bdJBUHdr5GgdydDMgrw/dMA2mEK/VpMRHao5I0\r\n9ERJiiXDfZXxtaDWn82GepO0o5ak4ewYIl1rG0nprwbwqcPgxDrYIJr9Wa25Ufal\r\n6ZYTGbkrsFb+fMsyd9levBcvxtznn4j6e7aSuXXeUT+MhWO2Z6E4fVCdr+l6X4Ap\r\nsdvVVb/hsHjL/BObwRuByKh+/d+p14KJwQrAszKguq0WJS7FSOoftHPaGz46LZL8\r\nbsJeA476sgW2+2RMyR0jl2c8O0zZsnuwltjvpnxkvU7o1b/JylrIR4z6EZkh4nGO\r\nejMtYMzUCPXXUz0ek8HosmyYe5GHtS9IUG7I+8b36tU/bJ4yh29JnZDPDJfWZSNi\r\nxORrSbusIA5eIR82OMmUBYfnk729BQKBwQDuYJQ1ZzsTOgt+195FqWAQSu41A3x1\r\n1PW7Yw+RUE2RsE7kBGd9mKl1vsAgH2DH3qUREAmcayElwrNOAWG1oEvAgA3nz0I3\r\nzSS5blFsFbwQKK7fw4evdaXpwCEk2leZdC1j53JzNEWG4rnaClsZIL/AB3hf7bgm\r\neerhY+u43g83Lvhj1sMbs2TK5YzIJswnpAxFN2gtF9qqnMNFLZvzTdN+jkWf9wmg\r\nF6OGi/vN7qw2lrEfk/BZhTD+q4/j7WwbJr8CgcEA7yWAjpkZz68NQhPYPpeYMiGe\r\nuQSFyHzURyVZ+hDbYK5pUniZ/RktDaq+DkiFqRCZtZPoHmIeFeplBQww1LrWkF9x\r\nfQFMxGmRZqXyleloRIYag4WjnsnkEkSaL/i3anTx/tJlREK8S9YHhzE7KKUCDJrV\r\nZQxc3HNFEvsxlcRvK0yAfTpOyLYb/3tRpSYaX0HJdfhJRWrND6WdLeIi0A4ZfezR\r\nexakwV2hINJ96vrDM5cLl7Xl9q3bkl+jFr2K3X7TAoHATcTadXXBUyt7tp0smeOB\r\nQK+BeXAyuaqJpOHToV/mfqJbio5ZSSN2HcDmo1Q5WdusVJ271PkqbkxP/SH8Q6oR\r\nLLNaVgdLHjNiSNDR5YZNvaPYMY50BO1H/LO+3GwTai/54v8OWsFx8Wiko5r/T3pc\r\ntIR7ZCiFDKB33aKgs8ZWhnVfegsFylLDjmJHhMELl98wVaCW7yc6IrFUD4yqtTzt\r\nw/scgeyxijZMFkgzFWNJceHF1XyJTFtkuaE1J3I887q3AoHBAIqBmOx+BbIAe9hK\r\ncBMIb9CRIkGcOfO9QKEYI/2uJ7DeMwfd66noG+zvd/YD0M3zXGMLEAQQ5cXhpLKA\r\ntgNvVvf1H2C8EP8s+VaPRGnI7mfJl6+XBgXgfmSKMRcZoPlaVBI3PwmC8VWm12NY\r\ngx/uObqdLnzA5UOUy2vL6pMIWy6jt0NQMvMSbjLQ9J+G6v1Ct/DIZX979NpcHCXH\r\n9Eu17tO9BjKZEcEgfkLpRp6Cr+3ATKmIY3E0jpg/JdD05GmWmwKBwGWYqYsUfG02\r\nVyZsFNmC97RB01Mjoq78PWpeJ8b/a+Qq2mpzaDnQXicD0p4KThAnjIhTQwHgmnfj\r\nSYeI/CToMgwOLi4h1JEmmfEBmHzDk0ZwH8IqFHuwZ4+EzF0hJnl9RiKC6FmuZb+W\r\nl3XW5cn5d0kS4gjjcXHdG+EX8k4qc/ihj9QOthVB+ZgO+rGXqex5kjApDnhd1epJ\r\nme8u9AnJMQWnzGB07Ojde7cWcZuAQ4icrWoB8lIa1VNSEFOsFyRFbg==\r\n-----END RSA PRIVATE KEY-----\r\n",
                "publicKey": "ssh-rsa AAAAB3NzaC1yc2EAAAADAQABAAABgQDerxYIWVS9H0CfFfPctEIriWECXFR8r0OIMFGNmQskSM9mRGjQQDDZQOJLZMbD0r3yJgfQNi9XyRsHeemlObtKl/tHY5LrZHAyz37eNwLr2dhTVoWGlhvoobp1E2tqhpjLQ/R08/9SH1Zw4//gUmJn+VGCrD87erR+7ur2PRNktsz94K/eotRonM2Uua2x6KGcV2KM139yYuZBNeCIc1wM0ugX2QBMT+2UnAeVACSU/UDnG/Xdpg1Y5iZTsLIkmlnOh0K0gHkh7Zzfu/opRIElsGZo1V+DEiUgcgX7f9BTGnzHdqTLiBDGU1aBcy5M98GPICxndj8EMw75k0/7ukBHdUHAmLhuLO9iRMs1lOINSgvHI2cx2JKIpedVnde84g7nSLRPRytn4jtuVVvBvOpO0CKswUTRPku5homGJhBWDSncqq1fQhBMC6GnDIXgB0xEFBFUoCwuSqmYv/5Yfa5dEsvF6WZ23pf9w4j8l0X+8R+q8tbICnqZrAGzO+BV8W0= generated-by-azure"
              },
              "type": [
                "object",
                {
                  "privateKey": "string",
                  "publicKey": "string"
                }
              ]
            },
            "resource_id": "/subscriptions/ec8dcf96-6399-4f86-8d74-c9dea945b45d/resourceGroups/Delphi/providers/Microsoft.Compute/sshPublicKeys/sshdestinedbeetle",
            "response_export_values": [
              "publicKey",
              "privateKey"
            ],
            "timeouts": null,
            "type": "Microsoft.Compute/sshPublicKeys@2022-11-01",
            "when": "apply"
          },
          "sensitive_attributes": [],
          "dependencies": [
            "module.AKS.azapi_resource.ssh_public_key",
            "module.AKS.random_pet.ssh_key_name",
            "module.ResourceGroup.azurerm_resource_group.rg"
          ]
        }
      ]
    },
    {
      "module": "module.AKS",
      "mode": "managed",
      "type": "azurerm_kubernetes_cluster",
      "name": "k8s",
      "provider": "provider[\"registry.terraform.io/hashicorp/azurerm\"]",
      "instances": [
        {
          "schema_version": 2,
          "attributes": {
            "aci_connector_linux": [],
            "api_server_access_profile": [],
            "api_server_authorized_ip_ranges": [],
            "auto_scaler_profile": [],
            "automatic_channel_upgrade": "",
            "azure_active_directory_role_based_access_control": [],
            "azure_policy_enabled": null,
            "confidential_computing": [],
            "cost_analysis_enabled": false,
            "current_kubernetes_version": "1.29.9",
            "custom_ca_trust_certificates_base64": null,
            "default_node_pool": [
              {
                "capacity_reservation_group_id": "",
                "custom_ca_trust_enabled": false,
                "enable_auto_scaling": false,
                "enable_host_encryption": false,
                "enable_node_public_ip": false,
                "fips_enabled": false,
                "gpu_instance": "",
                "host_group_id": "",
                "kubelet_config": [],
                "kubelet_disk_type": "OS",
                "linux_os_config": [],
                "max_count": 0,
                "max_pods": 110,
                "message_of_the_day": "",
                "min_count": 0,
                "name": "agentpool",
                "node_count": 3,
                "node_labels": {},
                "node_network_profile": [],
                "node_public_ip_prefix_id": "",
                "node_taints": null,
                "only_critical_addons_enabled": false,
                "orchestrator_version": "1.29",
                "os_disk_size_gb": 128,
                "os_disk_type": "Managed",
                "os_sku": "Ubuntu",
                "pod_subnet_id": "",
                "proximity_placement_group_id": "",
                "scale_down_mode": "Delete",
                "snapshot_id": "",
                "tags": null,
                "temporary_name_for_rotation": "",
                "type": "VirtualMachineScaleSets",
                "ultra_ssd_enabled": false,
                "upgrade_settings": [
                  {
                    "drain_timeout_in_minutes": 0,
                    "max_surge": "10%",
                    "node_soak_duration_in_minutes": 0
                  }
                ],
                "vm_size": "Standard_D2_v2",
                "vnet_subnet_id": "",
                "workload_runtime": "",
                "zones": null
              }
            ],
            "disk_encryption_set_id": "",
            "dns_prefix": "dns-possible-burro",
            "dns_prefix_private_cluster": "",
            "edge_zone": "",
            "enable_pod_security_policy": false,
            "fqdn": "dns-possible-burro-ar35hqzr.hcp.eastus.azmk8s.io",
            "http_application_routing_enabled": null,
            "http_application_routing_zone_name": null,
            "http_proxy_config": [],
            "id": "/subscriptions/ec8dcf96-6399-4f86-8d74-c9dea945b45d/resourceGroups/Delphi/providers/Microsoft.ContainerService/managedClusters/cluster-driven-dragon",
            "identity": [
              {
                "identity_ids": null,
                "principal_id": "f9ddfe07-57cb-46e0-9631-afb17ca750cc",
                "tenant_id": "5b973f99-77df-4beb-b27d-aa0c70b8482c",
                "type": "SystemAssigned"
              }
            ],
            "image_cleaner_enabled": false,
            "image_cleaner_interval_hours": 48,
            "ingress_application_gateway": [],
            "key_management_service": [],
            "key_vault_secrets_provider": [],
            "kube_admin_config": [],
            "kube_admin_config_raw": "",
            "kube_config": [
              {
                "client_certificate": "LS0tLS1CRUdJTiBDRVJUSUZJQ0FURS0tLS0tCk1JSUZIakNDQXdhZ0F3SUJBZ0lSQUtJWHNvSWVtZE5lZ1hadkF0aHJWTHN3RFFZSktvWklodmNOQVFFTEJRQXcKRFRFTE1Ba0dBMVVFQXhNQ1kyRXdIaGNOTWpReE1ESXpNRGMwTlRFNFdoY05Nall4TURJek1EYzFOVEU0V2pBdwpNUmN3RlFZRFZRUUtFdzV6ZVhOMFpXMDZiV0Z6ZEdWeWN6RVZNQk1HQTFVRUF4TU1iV0Z6ZEdWeVkyeHBaVzUwCk1JSUNJakFOQmdrcWhraUc5dzBCQVFFRkFBT0NBZzhBTUlJQ0NnS0NBZ0VBclNqNGx3djI1SGN4emlOMlhCSUgKQWpOdVMyRUVjcWhVYXdFQnJpVWVvYyt5THhHcTZiRy9GZTlDelVCaUZESC9YVCtPNjByRlR0dmIycUtCTGUybQppWG5QeEtRRFc4eTd6bkZsUFJTbzcrNFg4b1FnUmpORjA1cS93d0s4a0JqNmN1TXBIcGd0azFOUHNGM1ZIRUVqCkJYdzdjWEh4WXBaVmgra0hwa0d4dnl4Y3lqQ3RWbXZISE1WM0I2R0Q4R0Raa3pITVoyRDFoS0tOTlZ3RUZoaUQKTGRzaG5ObTlYLzFoVHZXdjFsRXRDeVZRM0VuOTY3cXhpaSsrd1hwY3N3MnhOUmVkcU8xN1lZUlRtNEpxREIzZwoxWHdsYmxPTmo3UjVWMXpob0hrMi8vdlRpWFM2a05iQ2dMd1MrZThMUXRuUndFTjZtMzEwNkdtVDVLb1R0cUVkCjdrUjlLOEJQU2dGSjdEL0FlT1c1Z1NZa2lOakgva3JKNzNqb2hFZGY4RGphN3ZyeUUxbldJN0xZNUFGeWJ3RGIKRjR5b0RWRzg3ZG1tTU1pdU9CQUorVHNPa0x4WlFta2t5TldvZXBFWGZqSFBQNWpqY2tNbjI4WnRoT2ZmTkpJawowaUpsUW5GNy93RDNkYitFcWFEQTlmT0N4bmF6ZGNHZ3lpTFNBeExKZElMM1ZtWm5kSklaRU5xbDlzcDBlWUN6Ck44eEYxSVVsK1JyQ0hJNXViNnRRdGRSaXloUDk5ZFlsMGszR1U2MHk4dGdERVV3TUo2WTNqSjVKTHppam9SbmMKa1g5ZVp3bklGaGp5RjZxbzFNbFNpK3crQVdieVIxc2NVZWYyMVdTWUV0YWFZZXlVSnV3UmJDRUs4RXNseFoycQpYZUxndjJNV08vVlR6TFRFcmx4YW82a0NBd0VBQWFOV01GUXdEZ1lEVlIwUEFRSC9CQVFEQWdXZ01CTUdBMVVkCkpRUU1NQW9HQ0NzR0FRVUZCd01DTUF3R0ExVWRFd0VCL3dRQ01BQXdId1lEVlIwakJCZ3dGb0FVWmh0TG5rR0oKbVYxQ2xIMW11VFhSdzVFRmJ2Y3dEUVlKS29aSWh2Y05BUUVMQlFBRGdnSUJBSVFzZGlXUmlwWGZKWW1ncXZROApFVmUxVitENDJQTDUzNHJJZXllazFyRy96b0VUOVhRYVU2bWhnRDhTS3VoV1picmdnUW92ZmFhOHdLUW9VOUVxCkRpbDhLYU9iUWhUcENWYXBtNHpTSThqajREK1Z0ZXFONUhqU1ZGejJWcDV5MjR3Z3l1bjhNRHBLOTdTZWRsNnYKekZXWGpXTlI5SVcwVGJFNUZWUW5TVks0TUFWcE8vRytoQURkKzBHam5HdVl2aGZVUCs5RVN3S2FXcmQwL0dYWApnOGFXTTVTNTI3S2kvdDlIU0dyZmMwdDRZQmJTdnlvOVhGZ1BGTnAwRWtGcjhrUTlXRWgvUXU2QjcxYzBBejZjCkNFdC90R01XL25SSXpJSjJQSVExOUpyTWUySmxBUkgzclFqU2VWNTQweHJWam1SQ2p5SVhVSERaNWxZMksyV2sKNXZvM0x1WjEwRDRUazZNN1NLUExnR3llc1ArMEFkcW9yWGd1TXdPNisxaU9KeVlJSzhNcFlRTWZITzZKZjZYYgp6TUFZYmRnUDVKN1UvanBuSFBxTUNtblZMK3FHN3hMMjUxaW5SajR0UktBYTN6SkJMM3htOUkrTndjMDdZMVprCjlNdmNnNm5YRGxvR2IyZlE2dVVEK3RJUmx1ekRhcVRxakFpenhJUngyb2NmcndjQnljeVZDTG94SFZNb1o1L2wKSzlCSjBmMm5SbFNXbllLRlY1SjNmOFZqbitqNjBrVnBoeWxZcWIxQVNwVVNpOUhnMnJXcURiZlhKYWxHNnBVQgpxNjFObWh6eGxTQzlhb2dUczMyTzJGVUdsZlpoNHJIWmI3emdsOVpKTjY1VzQzYXhMOTRtTjlQd3gvSnBKVWEvCjAwVGhhSkhMQ0toNGQ1aCsySUJtSW1LOAotLS0tLUVORCBDRVJUSUZJQ0FURS0tLS0tCg==",
                "client_key": "LS0tLS1CRUdJTiBSU0EgUFJJVkFURSBLRVktLS0tLQpNSUlKS0FJQkFBS0NBZ0VBclNqNGx3djI1SGN4emlOMlhCSUhBak51UzJFRWNxaFVhd0VCcmlVZW9jK3lMeEdxCjZiRy9GZTlDelVCaUZESC9YVCtPNjByRlR0dmIycUtCTGUybWlYblB4S1FEVzh5N3puRmxQUlNvNys0WDhvUWcKUmpORjA1cS93d0s4a0JqNmN1TXBIcGd0azFOUHNGM1ZIRUVqQlh3N2NYSHhZcFpWaCtrSHBrR3h2eXhjeWpDdApWbXZISE1WM0I2R0Q4R0Raa3pITVoyRDFoS0tOTlZ3RUZoaURMZHNobk5tOVgvMWhUdld2MWxFdEN5VlEzRW45CjY3cXhpaSsrd1hwY3N3MnhOUmVkcU8xN1lZUlRtNEpxREIzZzFYd2xibE9OajdSNVYxemhvSGsyLy92VGlYUzYKa05iQ2dMd1MrZThMUXRuUndFTjZtMzEwNkdtVDVLb1R0cUVkN2tSOUs4QlBTZ0ZKN0QvQWVPVzVnU1lraU5qSAova3JKNzNqb2hFZGY4RGphN3ZyeUUxbldJN0xZNUFGeWJ3RGJGNHlvRFZHODdkbW1NTWl1T0JBSitUc09rTHhaClFta2t5TldvZXBFWGZqSFBQNWpqY2tNbjI4WnRoT2ZmTkpJazBpSmxRbkY3L3dEM2RiK0VxYURBOWZPQ3huYXoKZGNHZ3lpTFNBeExKZElMM1ZtWm5kSklaRU5xbDlzcDBlWUN6Tjh4RjFJVWwrUnJDSEk1dWI2dFF0ZFJpeWhQOQo5ZFlsMGszR1U2MHk4dGdERVV3TUo2WTNqSjVKTHppam9SbmNrWDllWnduSUZoanlGNnFvMU1sU2krdytBV2J5ClIxc2NVZWYyMVdTWUV0YWFZZXlVSnV3UmJDRUs4RXNseFoycVhlTGd2Mk1XTy9WVHpMVEVybHhhbzZrQ0F3RUEKQVFLQ0FnQTRDN2JLVE5rUWdYUGhZS0VDaytNbzF6U3Z1U3NUWVdCUmNmWDFRNVp5a1NML0VSemNudWRXVmlhdApBRlcrYTZCWHNpYTBDWE5yWHNYK01mTFZ4c0hNWlZ6V0xLL1ptcDUrNXp6NVZDS0o1ZXBpV0ZtSjN6YU9rdHZXClpxQlprM3djaTJIWHdUR2ZLYXYxVGFtWWg0eXFUZGQvbEgyb2h6Z1AwV0RrY3didzlZN2k4blpvTG1JMzhjSGcKK21vVjk0TDBuWDJuU0Q2dk8xMnhFNk5PODRnaDQzY3hxVmdlSllqRlljZ1QraG8yTFZIS3V6Z3dnRERPcFQxOApxZm92Q2hOOU43T1Q1YW0xbW5ybExvVGNmeDh5ZWdnemVWK3NUNkdtb1MxMkgwV3AvUHd1MVZVOVpBVjRYV2RXCjlnUVRFeVZNc1lxUm9UMmhxK3B1Ykk0TTRvRXBBVDFVbEpFVkFiOVE4ZEEvcWEzem1YUEUrQkU2c1ExeTR5TGwKYmJuYXVLaG9lN2lZckw3NXRwL0dUSGRnZ1RkUHRqeTRacHFHL0pEMGhaSmVtekZXRGN1djRpQTNaeWhCdmFmVQpVUzdOcVdzU0JBQTJtb3dHSjZXRTVtQnJiMHRjeHk2NHUwQXhhVjZhdXIray9wRWo1bDNrOHVzNkVQQWdBeVVvCks4SVhGblVpN1NPdnpNV25ZRUZpWDlyY2ZNWFRhRU5qdXdUUnF4RS8xcDFTQXQrZTR0NWVhVVhtNjIxQ216Sm8KRWJvQXRYWmlpMDI4cExzUUVJaFJ1eVBubEo4OVhSTGtCRTFwQlJ0eXF1TkdOYVduandiRjZjNlF3a3dMblcwWQphZzJhSENCOWJkL3ZKNGdIaGhCZFM5akJUSjlXN1ZPYnNaOHdoNktrUFhOaUsxMTBBUUtDQVFFQTFIa3V1WktOCjNrN3k3V1pVNHA2UHNFSEhoVThEWkRXV0Z5Qm5tdWRRTEtBVDIreDJteU42Mm5BeUdXUW5JdFVWa002S1pEdlUKaVFPcDhHbW9OTlBJZG1tUGN6eDl5eGZXMG03dkIvZWZNMUZSendNTmhHQldoejYzaTJPVWxycHdMeWNHZWQwMgpyZmJCb3MvQ21zaHJzSExic1k5ZFpBUVpBbkdSQ3hXa1I0UzZZWU5NQlROdXNsSFZWRWpJclJjMWxkb2pwVHFJCkhjK1pOZEhTa0JsUm9zeVRvNVZaWHM4N2FnS3crQXNHYzE4ZDNLREFXbWRlZ0FzU1FINEZQejBOWFZzTHBrdisKYTNyU1AxSDFMUU9zanlJSTEza0JWdVVxaWwvU2Z5ZmtKYVhJdmVPQ1BzQ1BxUWJuN0hGejY2enZCVHZSSUJSQgpkQ1N6Y3FDVFdnQTZTUUtDQVFFQTBLSVF5OFloSkNLVEtMbWNKTzBkZm54Ni9mT3BKUExTdkxXZHRFQ0dWZHZ2Ck02dWZyR2Z5K2N3SWFWejA0RXRxVmE3eklFRDRtSVF5ZW9neFJIL0xUalMvRkV4K1Bab2pPc1VWUURFM01HWWkKNXR6V2l4Z0lzOUZ1dm8rV3Q0SDg3ZGVtM3lKR1FQS25pMThmSTlPNW9CRExWV0lkdU45eHM5ZG05dFBJL0FNZwpkUUJqUHloTWZ0UFZYYTQ0bEQ3SnpYeDlrL29vSktSZXFMdktvSHVWQkh1eHlQQytQZ2kvREhLTERTOEo1VFRlCi9xV1RNanN4L0NmNTRWZHhqeUxNaW5ubitVL1BDdExCRWc1bWJpakU4d1dieFExK1pBZmVzZElIWldQR0c1QUcKRDY1cEJCK1ZrNVQxN1MrbGxIQXY2R0QrLzRpS3cyRGZDY0xKMy9BZVlRS0NBUUVBa1pjVUFFNis3WVQxaXR5aQo3OElzdlY3bGc2QTN0N1BNUzc2Rm42dyswTVZEdGwvYWljV1BDaHoxQjFjTVJoN3lydzRINEZUcTlwUFBINUNXCmxOUkZ1WFh0dU0zTGVKMjJNdTJXMXNQRGo5dDZEanFPU1pYbDFMaVI5bTVldzhXdTEzQ0xUSGZiWHVzRmxqVjgKcUtrS3VaYUttYW1lR2NtQkJaNmgvNUZ0eHgvWXdyYkFJWlF6bHZiaUVlWHB0RW1DQzFPMU55UGJYMm9BRnRQVwp6Nnk1dHE4dHYxcTRLWElneVN4YzdTcEkya2RqNCtrMnhQdXQwbGxEd1hOWXp4TmJsQXV0K041NzBGUVJ1eGZDCnczeVFBbWdVM09qcWxRdGswZnFFOTJKelA2VFEzK1VFTzFHaFh2WC9kNUhxRjZTaEI5b01HMG9sNjVxMlo2WkcKTWRhVUdRS0NBUUJhOWQyMnlpb1cxQkF1MkVXd2Y4UzFLZGFCcytNUjNlQnRNQTJTMGZML3FnVHZGU3RuZ21hWAo3QkhheGhGcFhOZitoV2t3cmNMMDArWWlNQkN5MmJpczN5aFQxRW5SMThyMlM0akpWT3ZINlMvY1VYb2thSlVhCnVQdThqMlBabkEzSE1KZHJmMGo3OWcrQUh6ZTNhZzdyTDRkSE1hRGR3bVdUVUIxdkRjVDV3dTg2czdHUmpxTlQKUkU0cEt0VTJKTzNjN2lMZUNsbklKL1d4UVRiRm96dkVHWjNZaXNXV3pEOW5VT1U1R1VJS01YUHJ1QXFtQXRMMwpLZ0t5OFduc1N2SzhpUXZQVWJGbCtaNzluVk9oUVpza2pWUnRwRVZ2blZMRldsbXBKY2Z3cW1sS0d2TmtQZFQ3CjVCMFlqUVoyNGphdzdPRWdUY3FhQmprWHkxb3lqVURoQW9JQkFHLzBGU2xQZ0wvM1JtMStCVHllbXdDVUtWdTIKUHhwRnRHZCtkdGZpbGszQklXYjlnVW53aXRjQ3pWY2xhSkYrNHNaYmVIL2VsbWtLalRDQms5bkgwcDdVMTZ6TApKKzVxTXNuenJGdGVZalFQWkJTY0dxTWZjZS9jdjQ4b1cyL3ZESHJqWllTY3pXbzdvNUVaS0t6RlZ1MGZ6ekFRCkE3ZzM3bTN3TVhtekhwbjlaT0FnUXByQTBXSEpRclFMMlpTMUt5T1M3NXBaWUcwZEptOUR2RlAzeHFTcHJuS3EKZ2tNbmpDY0VFWUcxSHRQVVJLNzAzSjhpRjNxZXJ6SlVRZ2lxYzA3MUlad0xtbGh6d3hyMXl3Nmk0d1F4WmJGLwpNaFVVcjJtc0VQeWg1emxtNVVNSWJPY24vdVg2ZXRSdlhIQjFZMEYreWZZdDkyNDdkNGtEN0M1MEFkdz0KLS0tLS1FTkQgUlNBIFBSSVZBVEUgS0VZLS0tLS0K",
                "cluster_ca_certificate": "LS0tLS1CRUdJTiBDRVJUSUZJQ0FURS0tLS0tCk1JSUU2VENDQXRHZ0F3SUJBZ0lSQU1TSjJZV3NkZUIvT3NhdDM5cDVXY1F3RFFZSktvWklodmNOQVFFTEJRQXcKRFRFTE1Ba0dBMVVFQXhNQ1kyRXdJQmNOTWpReE1ESXpNRGMwTlRFNFdoZ1BNakExTkRFd01qTXdOelUxTVRoYQpNQTB4Q3pBSkJnTlZCQU1UQW1OaE1JSUNJakFOQmdrcWhraUc5dzBCQVFFRkFBT0NBZzhBTUlJQ0NnS0NBZ0VBCnBQWitGM0dKWWpXenJWcExzQjR5cUswaitLNGg2TlV2bFFybDdxbVFheDVIQ0s2SFVtMVY5elhZcTFVMUV2ZWEKSVFyM09jMFhuSXA5cnhEaUVrcUNNYkkwcFZwbkk4QWZaQ2prODQzeWpwRlRKWCs3YVM2S2JZVk8wOW1KYjJuZwpoeUxaTWt2b0FPdFVCdTZPOG9RQmlPYmxHd1VRUWdQejg3OEFDWEFDMXhDT2VhTEF0RzNuNUVDZDA1NjdGeXpvCndMeTJWckpWdk16bzJ3eVdLYmlvcHUyZFQzREcyUk4xSDBCVy9OMU91VDJqMmNSeW1TWkNENjJEWXFWRjdoMzQKM25wbmNiUDdRZkZVbk5Ha0MrcXNiOXBDOUlBUUpZcG9VSTUvTjlVN0czN1RsN2NpYkF2TTIvanREd0dLREZqMAptRWF4emU1TWE4YXZKTC93SVE4QUhaK2wxR1FtRzlLcmdIWFFleVhrS2Y5SURydjlUNmFZMGNpUUUxclpTUGNECldHSnRjQVZwTmJnT0FUeWJKcXRZZVZrSmlTSDZRSGtQSGxmQndZSnJrZnhpY3hwVUJ2QjZiaGI0RE1IcTRtVlAKazRyeDdmMmdNVnhXc1NwdnRteUlUbnpLelB1dnRlWnNlK0Q2cG9JQSswcDROZkF4SEplV2NOSnI5SExUMEl2QwpKTXFpc05SZ2VrbnU4cG41blNTd29oNnNLY1Zncy8wYTB1SDFaTXBxS2tXMlJDajB2dHdtN21OemZMVG1tUFZmCkxPazd0TnZKdHdZK3A2a2ZidS9hYlhWZS9aS3R5ZGo5dUw3cWV4WjJLNG9IZnJWYzNBMVRjdUtyVm1SQzlvbWUKWlc0UTdvV1FFYlZYdmZ0R3V6M0JEVE9DMVBPblNwMkpVdXIxT0Vpa1NhVUNBd0VBQWFOQ01FQXdEZ1lEVlIwUApBUUgvQkFRREFnS2tNQThHQTFVZEV3RUIvd1FGTUFNQkFmOHdIUVlEVlIwT0JCWUVGR1liUzU1QmlabGRRcFI5ClpyazEwY09SQlc3M01BMEdDU3FHU0liM0RRRUJDd1VBQTRJQ0FRQXlXYWJXMmQ4RVk4WldDTHBwMEhoUmdwVnIKd3E3OTVIWDdoRWMzeWk0QWc2Tkc3SDVSOU12N1ZXWU1BcFMxRXEraE9MUW0xaTRad1JxbUU3dnIwamV0V1p3dApmbU5BQS81ZDMweW9uUDNmeTUxVG8vV2ZzaVFUUHpGZGE3a0RWVFVaWjRVYlV6THgyMnlLTVN4TmRGbHlaK2NtCllwTThaMTg4WTVqOG9EMjR0TGtjaUtOYUxpTDJCWVl4WkNKdFNkdXdiaTl0NktSSUErVHV1bVhqMHFjOFkrL3cKMnlVM3R0S0QwcGdUbVc5VldWWGthaSswRnJpQ05OQnFsOTIwMUt3RDJzbGJsc25OZGZaV1Y1a2ZKaE5ldktjbwpIQUZFcFA5YVhJWXFEYUtDeTl3MUZwN2xCMDFJY2h4cnc0WHFRakloVDlieDFXMWlNNTBCUnQxalNzSjBQWmNnCnNtdEJsUklEQ1Q2TVRoOUsramtzQkFoQUVqRHZmY2hHdVVBQ2k2eGh0Y2hSV3cyMFJtOEJYNUZNOTQ2WTFXOUQKWGRBb3BxN0I4RldNNE1YY2JINHZ2Y09CWTlONUZPS1FDUXkyNzVHSG1OcnhiV1RZZldjcS9KZEkyYm9HYVhKbwo5V1dFQXZWWTVvOXYvN2tXMVlzUTVxY1R0TnZPVEJvdFhoSFJHN3VycHozYnBIUmErdmx1clNPZm9WT1VGOU1HCnJaY0VLMm9zMGZFMjNxaDRPYldSZWl2Yk1iZkRaVjJ2Tkx5Zjd5Qk5NUmlUQWg0MytvZzQ3YnhqZFlXQnh6L2wKYng3L3Jpa2RnbjNiMVY3eHd1aCtMMmFHRW9CZHdrM2FwdnVGdXJ0bDJSZUc3WkpXUFEwOXBSRHpLOEZMNmlqQQp3WitVMGdZTklYUDZVN0poV0E9PQotLS0tLUVORCBDRVJUSUZJQ0FURS0tLS0tCg==",
                "host": "https://dns-possible-burro-ar35hqzr.hcp.eastus.azmk8s.io:443",
                "password": "pxm4j1jakpiqeqjlxscyb2wycg5i8t5e9m2gy736v1n4ghxztoca0rxdl2jzp7x38d84o6f3tm2ayj8qdxb4ni3v6g4gelu4gc11dk15tfmjrb1z36xnnz86ymfgszgx",
                "username": "clusterUser_Delphi_cluster-driven-dragon"
              }
            ],
            "kube_config_raw": "apiVersion: v1\nclusters:\n- cluster:\n    certificate-authority-data: LS0tLS1CRUdJTiBDRVJUSUZJQ0FURS0tLS0tCk1JSUU2VENDQXRHZ0F3SUJBZ0lSQU1TSjJZV3NkZUIvT3NhdDM5cDVXY1F3RFFZSktvWklodmNOQVFFTEJRQXcKRFRFTE1Ba0dBMVVFQXhNQ1kyRXdJQmNOTWpReE1ESXpNRGMwTlRFNFdoZ1BNakExTkRFd01qTXdOelUxTVRoYQpNQTB4Q3pBSkJnTlZCQU1UQW1OaE1JSUNJakFOQmdrcWhraUc5dzBCQVFFRkFBT0NBZzhBTUlJQ0NnS0NBZ0VBCnBQWitGM0dKWWpXenJWcExzQjR5cUswaitLNGg2TlV2bFFybDdxbVFheDVIQ0s2SFVtMVY5elhZcTFVMUV2ZWEKSVFyM09jMFhuSXA5cnhEaUVrcUNNYkkwcFZwbkk4QWZaQ2prODQzeWpwRlRKWCs3YVM2S2JZVk8wOW1KYjJuZwpoeUxaTWt2b0FPdFVCdTZPOG9RQmlPYmxHd1VRUWdQejg3OEFDWEFDMXhDT2VhTEF0RzNuNUVDZDA1NjdGeXpvCndMeTJWckpWdk16bzJ3eVdLYmlvcHUyZFQzREcyUk4xSDBCVy9OMU91VDJqMmNSeW1TWkNENjJEWXFWRjdoMzQKM25wbmNiUDdRZkZVbk5Ha0MrcXNiOXBDOUlBUUpZcG9VSTUvTjlVN0czN1RsN2NpYkF2TTIvanREd0dLREZqMAptRWF4emU1TWE4YXZKTC93SVE4QUhaK2wxR1FtRzlLcmdIWFFleVhrS2Y5SURydjlUNmFZMGNpUUUxclpTUGNECldHSnRjQVZwTmJnT0FUeWJKcXRZZVZrSmlTSDZRSGtQSGxmQndZSnJrZnhpY3hwVUJ2QjZiaGI0RE1IcTRtVlAKazRyeDdmMmdNVnhXc1NwdnRteUlUbnpLelB1dnRlWnNlK0Q2cG9JQSswcDROZkF4SEplV2NOSnI5SExUMEl2QwpKTXFpc05SZ2VrbnU4cG41blNTd29oNnNLY1Zncy8wYTB1SDFaTXBxS2tXMlJDajB2dHdtN21OemZMVG1tUFZmCkxPazd0TnZKdHdZK3A2a2ZidS9hYlhWZS9aS3R5ZGo5dUw3cWV4WjJLNG9IZnJWYzNBMVRjdUtyVm1SQzlvbWUKWlc0UTdvV1FFYlZYdmZ0R3V6M0JEVE9DMVBPblNwMkpVdXIxT0Vpa1NhVUNBd0VBQWFOQ01FQXdEZ1lEVlIwUApBUUgvQkFRREFnS2tNQThHQTFVZEV3RUIvd1FGTUFNQkFmOHdIUVlEVlIwT0JCWUVGR1liUzU1QmlabGRRcFI5ClpyazEwY09SQlc3M01BMEdDU3FHU0liM0RRRUJDd1VBQTRJQ0FRQXlXYWJXMmQ4RVk4WldDTHBwMEhoUmdwVnIKd3E3OTVIWDdoRWMzeWk0QWc2Tkc3SDVSOU12N1ZXWU1BcFMxRXEraE9MUW0xaTRad1JxbUU3dnIwamV0V1p3dApmbU5BQS81ZDMweW9uUDNmeTUxVG8vV2ZzaVFUUHpGZGE3a0RWVFVaWjRVYlV6THgyMnlLTVN4TmRGbHlaK2NtCllwTThaMTg4WTVqOG9EMjR0TGtjaUtOYUxpTDJCWVl4WkNKdFNkdXdiaTl0NktSSUErVHV1bVhqMHFjOFkrL3cKMnlVM3R0S0QwcGdUbVc5VldWWGthaSswRnJpQ05OQnFsOTIwMUt3RDJzbGJsc25OZGZaV1Y1a2ZKaE5ldktjbwpIQUZFcFA5YVhJWXFEYUtDeTl3MUZwN2xCMDFJY2h4cnc0WHFRakloVDlieDFXMWlNNTBCUnQxalNzSjBQWmNnCnNtdEJsUklEQ1Q2TVRoOUsramtzQkFoQUVqRHZmY2hHdVVBQ2k2eGh0Y2hSV3cyMFJtOEJYNUZNOTQ2WTFXOUQKWGRBb3BxN0I4RldNNE1YY2JINHZ2Y09CWTlONUZPS1FDUXkyNzVHSG1OcnhiV1RZZldjcS9KZEkyYm9HYVhKbwo5V1dFQXZWWTVvOXYvN2tXMVlzUTVxY1R0TnZPVEJvdFhoSFJHN3VycHozYnBIUmErdmx1clNPZm9WT1VGOU1HCnJaY0VLMm9zMGZFMjNxaDRPYldSZWl2Yk1iZkRaVjJ2Tkx5Zjd5Qk5NUmlUQWg0MytvZzQ3YnhqZFlXQnh6L2wKYng3L3Jpa2RnbjNiMVY3eHd1aCtMMmFHRW9CZHdrM2FwdnVGdXJ0bDJSZUc3WkpXUFEwOXBSRHpLOEZMNmlqQQp3WitVMGdZTklYUDZVN0poV0E9PQotLS0tLUVORCBDRVJUSUZJQ0FURS0tLS0tCg==\n    server: https://dns-possible-burro-ar35hqzr.hcp.eastus.azmk8s.io:443\n  name: cluster-driven-dragon\ncontexts:\n- context:\n    cluster: cluster-driven-dragon\n    user: clusterUser_Delphi_cluster-driven-dragon\n  name: cluster-driven-dragon\ncurrent-context: cluster-driven-dragon\nkind: Config\npreferences: {}\nusers:\n- name: clusterUser_Delphi_cluster-driven-dragon\n  user:\n    client-certificate-data: LS0tLS1CRUdJTiBDRVJUSUZJQ0FURS0tLS0tCk1JSUZIakNDQXdhZ0F3SUJBZ0lSQUtJWHNvSWVtZE5lZ1hadkF0aHJWTHN3RFFZSktvWklodmNOQVFFTEJRQXcKRFRFTE1Ba0dBMVVFQXhNQ1kyRXdIaGNOTWpReE1ESXpNRGMwTlRFNFdoY05Nall4TURJek1EYzFOVEU0V2pBdwpNUmN3RlFZRFZRUUtFdzV6ZVhOMFpXMDZiV0Z6ZEdWeWN6RVZNQk1HQTFVRUF4TU1iV0Z6ZEdWeVkyeHBaVzUwCk1JSUNJakFOQmdrcWhraUc5dzBCQVFFRkFBT0NBZzhBTUlJQ0NnS0NBZ0VBclNqNGx3djI1SGN4emlOMlhCSUgKQWpOdVMyRUVjcWhVYXdFQnJpVWVvYyt5THhHcTZiRy9GZTlDelVCaUZESC9YVCtPNjByRlR0dmIycUtCTGUybQppWG5QeEtRRFc4eTd6bkZsUFJTbzcrNFg4b1FnUmpORjA1cS93d0s4a0JqNmN1TXBIcGd0azFOUHNGM1ZIRUVqCkJYdzdjWEh4WXBaVmgra0hwa0d4dnl4Y3lqQ3RWbXZISE1WM0I2R0Q4R0Raa3pITVoyRDFoS0tOTlZ3RUZoaUQKTGRzaG5ObTlYLzFoVHZXdjFsRXRDeVZRM0VuOTY3cXhpaSsrd1hwY3N3MnhOUmVkcU8xN1lZUlRtNEpxREIzZwoxWHdsYmxPTmo3UjVWMXpob0hrMi8vdlRpWFM2a05iQ2dMd1MrZThMUXRuUndFTjZtMzEwNkdtVDVLb1R0cUVkCjdrUjlLOEJQU2dGSjdEL0FlT1c1Z1NZa2lOakgva3JKNzNqb2hFZGY4RGphN3ZyeUUxbldJN0xZNUFGeWJ3RGIKRjR5b0RWRzg3ZG1tTU1pdU9CQUorVHNPa0x4WlFta2t5TldvZXBFWGZqSFBQNWpqY2tNbjI4WnRoT2ZmTkpJawowaUpsUW5GNy93RDNkYitFcWFEQTlmT0N4bmF6ZGNHZ3lpTFNBeExKZElMM1ZtWm5kSklaRU5xbDlzcDBlWUN6Ck44eEYxSVVsK1JyQ0hJNXViNnRRdGRSaXloUDk5ZFlsMGszR1U2MHk4dGdERVV3TUo2WTNqSjVKTHppam9SbmMKa1g5ZVp3bklGaGp5RjZxbzFNbFNpK3crQVdieVIxc2NVZWYyMVdTWUV0YWFZZXlVSnV3UmJDRUs4RXNseFoycQpYZUxndjJNV08vVlR6TFRFcmx4YW82a0NBd0VBQWFOV01GUXdEZ1lEVlIwUEFRSC9CQVFEQWdXZ01CTUdBMVVkCkpRUU1NQW9HQ0NzR0FRVUZCd01DTUF3R0ExVWRFd0VCL3dRQ01BQXdId1lEVlIwakJCZ3dGb0FVWmh0TG5rR0oKbVYxQ2xIMW11VFhSdzVFRmJ2Y3dEUVlKS29aSWh2Y05BUUVMQlFBRGdnSUJBSVFzZGlXUmlwWGZKWW1ncXZROApFVmUxVitENDJQTDUzNHJJZXllazFyRy96b0VUOVhRYVU2bWhnRDhTS3VoV1picmdnUW92ZmFhOHdLUW9VOUVxCkRpbDhLYU9iUWhUcENWYXBtNHpTSThqajREK1Z0ZXFONUhqU1ZGejJWcDV5MjR3Z3l1bjhNRHBLOTdTZWRsNnYKekZXWGpXTlI5SVcwVGJFNUZWUW5TVks0TUFWcE8vRytoQURkKzBHam5HdVl2aGZVUCs5RVN3S2FXcmQwL0dYWApnOGFXTTVTNTI3S2kvdDlIU0dyZmMwdDRZQmJTdnlvOVhGZ1BGTnAwRWtGcjhrUTlXRWgvUXU2QjcxYzBBejZjCkNFdC90R01XL25SSXpJSjJQSVExOUpyTWUySmxBUkgzclFqU2VWNTQweHJWam1SQ2p5SVhVSERaNWxZMksyV2sKNXZvM0x1WjEwRDRUazZNN1NLUExnR3llc1ArMEFkcW9yWGd1TXdPNisxaU9KeVlJSzhNcFlRTWZITzZKZjZYYgp6TUFZYmRnUDVKN1UvanBuSFBxTUNtblZMK3FHN3hMMjUxaW5SajR0UktBYTN6SkJMM3htOUkrTndjMDdZMVprCjlNdmNnNm5YRGxvR2IyZlE2dVVEK3RJUmx1ekRhcVRxakFpenhJUngyb2NmcndjQnljeVZDTG94SFZNb1o1L2wKSzlCSjBmMm5SbFNXbllLRlY1SjNmOFZqbitqNjBrVnBoeWxZcWIxQVNwVVNpOUhnMnJXcURiZlhKYWxHNnBVQgpxNjFObWh6eGxTQzlhb2dUczMyTzJGVUdsZlpoNHJIWmI3emdsOVpKTjY1VzQzYXhMOTRtTjlQd3gvSnBKVWEvCjAwVGhhSkhMQ0toNGQ1aCsySUJtSW1LOAotLS0tLUVORCBDRVJUSUZJQ0FURS0tLS0tCg==\n    client-key-data: LS0tLS1CRUdJTiBSU0EgUFJJVkFURSBLRVktLS0tLQpNSUlKS0FJQkFBS0NBZ0VBclNqNGx3djI1SGN4emlOMlhCSUhBak51UzJFRWNxaFVhd0VCcmlVZW9jK3lMeEdxCjZiRy9GZTlDelVCaUZESC9YVCtPNjByRlR0dmIycUtCTGUybWlYblB4S1FEVzh5N3puRmxQUlNvNys0WDhvUWcKUmpORjA1cS93d0s4a0JqNmN1TXBIcGd0azFOUHNGM1ZIRUVqQlh3N2NYSHhZcFpWaCtrSHBrR3h2eXhjeWpDdApWbXZISE1WM0I2R0Q4R0Raa3pITVoyRDFoS0tOTlZ3RUZoaURMZHNobk5tOVgvMWhUdld2MWxFdEN5VlEzRW45CjY3cXhpaSsrd1hwY3N3MnhOUmVkcU8xN1lZUlRtNEpxREIzZzFYd2xibE9OajdSNVYxemhvSGsyLy92VGlYUzYKa05iQ2dMd1MrZThMUXRuUndFTjZtMzEwNkdtVDVLb1R0cUVkN2tSOUs4QlBTZ0ZKN0QvQWVPVzVnU1lraU5qSAova3JKNzNqb2hFZGY4RGphN3ZyeUUxbldJN0xZNUFGeWJ3RGJGNHlvRFZHODdkbW1NTWl1T0JBSitUc09rTHhaClFta2t5TldvZXBFWGZqSFBQNWpqY2tNbjI4WnRoT2ZmTkpJazBpSmxRbkY3L3dEM2RiK0VxYURBOWZPQ3huYXoKZGNHZ3lpTFNBeExKZElMM1ZtWm5kSklaRU5xbDlzcDBlWUN6Tjh4RjFJVWwrUnJDSEk1dWI2dFF0ZFJpeWhQOQo5ZFlsMGszR1U2MHk4dGdERVV3TUo2WTNqSjVKTHppam9SbmNrWDllWnduSUZoanlGNnFvMU1sU2krdytBV2J5ClIxc2NVZWYyMVdTWUV0YWFZZXlVSnV3UmJDRUs4RXNseFoycVhlTGd2Mk1XTy9WVHpMVEVybHhhbzZrQ0F3RUEKQVFLQ0FnQTRDN2JLVE5rUWdYUGhZS0VDaytNbzF6U3Z1U3NUWVdCUmNmWDFRNVp5a1NML0VSemNudWRXVmlhdApBRlcrYTZCWHNpYTBDWE5yWHNYK01mTFZ4c0hNWlZ6V0xLL1ptcDUrNXp6NVZDS0o1ZXBpV0ZtSjN6YU9rdHZXClpxQlprM3djaTJIWHdUR2ZLYXYxVGFtWWg0eXFUZGQvbEgyb2h6Z1AwV0RrY3didzlZN2k4blpvTG1JMzhjSGcKK21vVjk0TDBuWDJuU0Q2dk8xMnhFNk5PODRnaDQzY3hxVmdlSllqRlljZ1QraG8yTFZIS3V6Z3dnRERPcFQxOApxZm92Q2hOOU43T1Q1YW0xbW5ybExvVGNmeDh5ZWdnemVWK3NUNkdtb1MxMkgwV3AvUHd1MVZVOVpBVjRYV2RXCjlnUVRFeVZNc1lxUm9UMmhxK3B1Ykk0TTRvRXBBVDFVbEpFVkFiOVE4ZEEvcWEzem1YUEUrQkU2c1ExeTR5TGwKYmJuYXVLaG9lN2lZckw3NXRwL0dUSGRnZ1RkUHRqeTRacHFHL0pEMGhaSmVtekZXRGN1djRpQTNaeWhCdmFmVQpVUzdOcVdzU0JBQTJtb3dHSjZXRTVtQnJiMHRjeHk2NHUwQXhhVjZhdXIray9wRWo1bDNrOHVzNkVQQWdBeVVvCks4SVhGblVpN1NPdnpNV25ZRUZpWDlyY2ZNWFRhRU5qdXdUUnF4RS8xcDFTQXQrZTR0NWVhVVhtNjIxQ216Sm8KRWJvQXRYWmlpMDI4cExzUUVJaFJ1eVBubEo4OVhSTGtCRTFwQlJ0eXF1TkdOYVduandiRjZjNlF3a3dMblcwWQphZzJhSENCOWJkL3ZKNGdIaGhCZFM5akJUSjlXN1ZPYnNaOHdoNktrUFhOaUsxMTBBUUtDQVFFQTFIa3V1WktOCjNrN3k3V1pVNHA2UHNFSEhoVThEWkRXV0Z5Qm5tdWRRTEtBVDIreDJteU42Mm5BeUdXUW5JdFVWa002S1pEdlUKaVFPcDhHbW9OTlBJZG1tUGN6eDl5eGZXMG03dkIvZWZNMUZSendNTmhHQldoejYzaTJPVWxycHdMeWNHZWQwMgpyZmJCb3MvQ21zaHJzSExic1k5ZFpBUVpBbkdSQ3hXa1I0UzZZWU5NQlROdXNsSFZWRWpJclJjMWxkb2pwVHFJCkhjK1pOZEhTa0JsUm9zeVRvNVZaWHM4N2FnS3crQXNHYzE4ZDNLREFXbWRlZ0FzU1FINEZQejBOWFZzTHBrdisKYTNyU1AxSDFMUU9zanlJSTEza0JWdVVxaWwvU2Z5ZmtKYVhJdmVPQ1BzQ1BxUWJuN0hGejY2enZCVHZSSUJSQgpkQ1N6Y3FDVFdnQTZTUUtDQVFFQTBLSVF5OFloSkNLVEtMbWNKTzBkZm54Ni9mT3BKUExTdkxXZHRFQ0dWZHZ2Ck02dWZyR2Z5K2N3SWFWejA0RXRxVmE3eklFRDRtSVF5ZW9neFJIL0xUalMvRkV4K1Bab2pPc1VWUURFM01HWWkKNXR6V2l4Z0lzOUZ1dm8rV3Q0SDg3ZGVtM3lKR1FQS25pMThmSTlPNW9CRExWV0lkdU45eHM5ZG05dFBJL0FNZwpkUUJqUHloTWZ0UFZYYTQ0bEQ3SnpYeDlrL29vSktSZXFMdktvSHVWQkh1eHlQQytQZ2kvREhLTERTOEo1VFRlCi9xV1RNanN4L0NmNTRWZHhqeUxNaW5ubitVL1BDdExCRWc1bWJpakU4d1dieFExK1pBZmVzZElIWldQR0c1QUcKRDY1cEJCK1ZrNVQxN1MrbGxIQXY2R0QrLzRpS3cyRGZDY0xKMy9BZVlRS0NBUUVBa1pjVUFFNis3WVQxaXR5aQo3OElzdlY3bGc2QTN0N1BNUzc2Rm42dyswTVZEdGwvYWljV1BDaHoxQjFjTVJoN3lydzRINEZUcTlwUFBINUNXCmxOUkZ1WFh0dU0zTGVKMjJNdTJXMXNQRGo5dDZEanFPU1pYbDFMaVI5bTVldzhXdTEzQ0xUSGZiWHVzRmxqVjgKcUtrS3VaYUttYW1lR2NtQkJaNmgvNUZ0eHgvWXdyYkFJWlF6bHZiaUVlWHB0RW1DQzFPMU55UGJYMm9BRnRQVwp6Nnk1dHE4dHYxcTRLWElneVN4YzdTcEkya2RqNCtrMnhQdXQwbGxEd1hOWXp4TmJsQXV0K041NzBGUVJ1eGZDCnczeVFBbWdVM09qcWxRdGswZnFFOTJKelA2VFEzK1VFTzFHaFh2WC9kNUhxRjZTaEI5b01HMG9sNjVxMlo2WkcKTWRhVUdRS0NBUUJhOWQyMnlpb1cxQkF1MkVXd2Y4UzFLZGFCcytNUjNlQnRNQTJTMGZML3FnVHZGU3RuZ21hWAo3QkhheGhGcFhOZitoV2t3cmNMMDArWWlNQkN5MmJpczN5aFQxRW5SMThyMlM0akpWT3ZINlMvY1VYb2thSlVhCnVQdThqMlBabkEzSE1KZHJmMGo3OWcrQUh6ZTNhZzdyTDRkSE1hRGR3bVdUVUIxdkRjVDV3dTg2czdHUmpxTlQKUkU0cEt0VTJKTzNjN2lMZUNsbklKL1d4UVRiRm96dkVHWjNZaXNXV3pEOW5VT1U1R1VJS01YUHJ1QXFtQXRMMwpLZ0t5OFduc1N2SzhpUXZQVWJGbCtaNzluVk9oUVpza2pWUnRwRVZ2blZMRldsbXBKY2Z3cW1sS0d2TmtQZFQ3CjVCMFlqUVoyNGphdzdPRWdUY3FhQmprWHkxb3lqVURoQW9JQkFHLzBGU2xQZ0wvM1JtMStCVHllbXdDVUtWdTIKUHhwRnRHZCtkdGZpbGszQklXYjlnVW53aXRjQ3pWY2xhSkYrNHNaYmVIL2VsbWtLalRDQms5bkgwcDdVMTZ6TApKKzVxTXNuenJGdGVZalFQWkJTY0dxTWZjZS9jdjQ4b1cyL3ZESHJqWllTY3pXbzdvNUVaS0t6RlZ1MGZ6ekFRCkE3ZzM3bTN3TVhtekhwbjlaT0FnUXByQTBXSEpRclFMMlpTMUt5T1M3NXBaWUcwZEptOUR2RlAzeHFTcHJuS3EKZ2tNbmpDY0VFWUcxSHRQVVJLNzAzSjhpRjNxZXJ6SlVRZ2lxYzA3MUlad0xtbGh6d3hyMXl3Nmk0d1F4WmJGLwpNaFVVcjJtc0VQeWg1emxtNVVNSWJPY24vdVg2ZXRSdlhIQjFZMEYreWZZdDkyNDdkNGtEN0M1MEFkdz0KLS0tLS1FTkQgUlNBIFBSSVZBVEUgS0VZLS0tLS0K\n    token: pxm4j1jakpiqeqjlxscyb2wycg5i8t5e9m2gy736v1n4ghxztoca0rxdl2jzp7x38d84o6f3tm2ayj8qdxb4ni3v6g4gelu4gc11dk15tfmjrb1z36xnnz86ymfgszgx\n",
            "kubelet_identity": [
              {
                "client_id": "fdd91eed-8fb3-4641-8cbf-d1d3b4daeb22",
                "object_id": "6b77e313-48a1-4e4f-942c-401c793ff0e6",
                "user_assigned_identity_id": "/subscriptions/ec8dcf96-6399-4f86-8d74-c9dea945b45d/resourceGroups/MC_Delphi_cluster-driven-dragon_eastus/providers/Microsoft.ManagedIdentity/userAssignedIdentities/cluster-driven-dragon-agentpool"
              }
            ],
            "kubernetes_version": "1.29",
            "linux_profile": [
              {
                "admin_username": "azureadmin",
                "ssh_key": [
                  {
                    "key_data": "ssh-rsa AAAAB3NzaC1yc2EAAAADAQABAAABgQDerxYIWVS9H0CfFfPctEIriWECXFR8r0OIMFGNmQskSM9mRGjQQDDZQOJLZMbD0r3yJgfQNi9XyRsHeemlObtKl/tHY5LrZHAyz37eNwLr2dhTVoWGlhvoobp1E2tqhpjLQ/R08/9SH1Zw4//gUmJn+VGCrD87erR+7ur2PRNktsz94K/eotRonM2Uua2x6KGcV2KM139yYuZBNeCIc1wM0ugX2QBMT+2UnAeVACSU/UDnG/Xdpg1Y5iZTsLIkmlnOh0K0gHkh7Zzfu/opRIElsGZo1V+DEiUgcgX7f9BTGnzHdqTLiBDGU1aBcy5M98GPICxndj8EMw75k0/7ukBHdUHAmLhuLO9iRMs1lOINSgvHI2cx2JKIpedVnde84g7nSLRPRytn4jtuVVvBvOpO0CKswUTRPku5homGJhBWDSncqq1fQhBMC6GnDIXgB0xEFBFUoCwuSqmYv/5Yfa5dEsvF6WZ23pf9w4j8l0X+8R+q8tbICnqZrAGzO+BV8W0= generated-by-azure"
                  }
                ]
              }
            ],
            "local_account_disabled": false,
            "location": "eastus",
            "maintenance_window": [],
            "maintenance_window_auto_upgrade": [],
            "maintenance_window_node_os": [],
            "microsoft_defender": [],
            "monitor_metrics": [],
            "name": "cluster-driven-dragon",
            "network_profile": [
              {
                "dns_service_ip": "10.0.0.10",
                "docker_bridge_cidr": "",
                "ebpf_data_plane": "",
                "ip_versions": [
                  "IPv4"
                ],
                "load_balancer_profile": [
                  {
                    "effective_outbound_ips": [
                      "/subscriptions/ec8dcf96-6399-4f86-8d74-c9dea945b45d/resourceGroups/MC_Delphi_cluster-driven-dragon_eastus/providers/Microsoft.Network/publicIPAddresses/6f6f031d-1676-49fe-83d7-282077999ade"
                    ],
                    "idle_timeout_in_minutes": 0,
                    "managed_outbound_ip_count": 1,
                    "managed_outbound_ipv6_count": 0,
                    "outbound_ip_address_ids": [],
                    "outbound_ip_prefix_ids": [],
                    "outbound_ports_allocated": 0
                  }
                ],
                "load_balancer_sku": "standard",
                "nat_gateway_profile": [],
                "network_data_plane": "azure",
                "network_mode": "",
                "network_plugin": "kubenet",
                "network_plugin_mode": "",
                "network_policy": "",
                "outbound_ip_address_ids": [],
                "outbound_ip_prefix_ids": [],
                "outbound_type": "loadBalancer",
                "pod_cidr": "10.244.0.0/16",
                "pod_cidrs": [
                  "10.244.0.0/16"
                ],
                "service_cidr": "10.0.0.0/16",
                "service_cidrs": [
                  "10.0.0.0/16"
                ]
              }
            ],
            "node_os_channel_upgrade": null,
            "node_resource_group": "MC_Delphi_cluster-driven-dragon_eastus",
            "node_resource_group_id": "/subscriptions/ec8dcf96-6399-4f86-8d74-c9dea945b45d/resourceGroups/MC_Delphi_cluster-driven-dragon_eastus",
            "oidc_issuer_enabled": false,
            "oidc_issuer_url": "",
            "oms_agent": [],
            "open_service_mesh_enabled": null,
            "portal_fqdn": "dns-possible-burro-ar35hqzr.portal.hcp.eastus.azmk8s.io",
            "private_cluster_enabled": false,
            "private_cluster_public_fqdn_enabled": false,
            "private_dns_zone_id": "",
            "private_fqdn": "",
            "public_network_access_enabled": true,
            "resource_group_name": "Delphi",
            "role_based_access_control_enabled": true,
            "run_command_enabled": true,
            "service_mesh_profile": [],
            "service_principal": [],
            "sku_tier": "Free",
            "storage_profile": [],
            "support_plan": "KubernetesOfficial",
            "tags": null,
            "timeouts": null,
            "web_app_routing": [],
            "windows_profile": [],
            "workload_autoscaler_profile": [],
            "workload_identity_enabled": false
          },
          "sensitive_attributes": [
            [
              {
                "type": "get_attr",
                "value": "kube_config"
              }
            ],
            [
              {
                "type": "get_attr",
                "value": "kube_config_raw"
              }
            ],
            [
              {
                "type": "get_attr",
                "value": "kube_admin_config_raw"
              }
            ],
            [
              {
                "type": "get_attr",
                "value": "kube_admin_config"
              }
            ]
          ],
          "private": "eyJlMmJmYjczMC1lY2FhLTExZTYtOGY4OC0zNDM2M2JjN2M0YzAiOnsiY3JlYXRlIjo1NDAwMDAwMDAwMDAwLCJkZWxldGUiOjU0MDAwMDAwMDAwMDAsInJlYWQiOjMwMDAwMDAwMDAwMCwidXBkYXRlIjo1NDAwMDAwMDAwMDAwfSwic2NoZW1hX3ZlcnNpb24iOiIyIn0=",
          "dependencies": [
            "module.AKS.azapi_resource.ssh_public_key",
            "module.AKS.azapi_resource_action.ssh_public_key_gen",
            "module.AKS.random_pet.azurerm_kubernetes_cluster_dns_prefix",
            "module.AKS.random_pet.azurerm_kubernetes_cluster_name",
            "module.AKS.random_pet.ssh_key_name",
            "module.ResourceGroup.azurerm_resource_group.rg"
          ]
        }
      ]
    },
    {
      "module": "module.AKS",
      "mode": "managed",
      "type": "random_pet",
      "name": "azurerm_kubernetes_cluster_dns_prefix",
      "provider": "provider[\"registry.terraform.io/hashicorp/random\"]",
      "instances": [
        {
          "schema_version": 0,
          "attributes": {
            "id": "dns-possible-burro",
            "keepers": null,
            "length": 2,
            "prefix": "dns",
            "separator": "-"
          },
          "sensitive_attributes": [],
          "dependencies": [
            "module.ResourceGroup.azurerm_resource_group.rg"
          ]
        }
      ]
    },
    {
      "module": "module.AKS",
      "mode": "managed",
      "type": "random_pet",
      "name": "azurerm_kubernetes_cluster_name",
      "provider": "provider[\"registry.terraform.io/hashicorp/random\"]",
      "instances": [
        {
          "schema_version": 0,
          "attributes": {
            "id": "cluster-driven-dragon",
            "keepers": null,
            "length": 2,
            "prefix": "cluster",
            "separator": "-"
          },
          "sensitive_attributes": [],
          "dependencies": [
            "module.ResourceGroup.azurerm_resource_group.rg"
          ]
        }
      ]
    },
    {
      "module": "module.AKS",
      "mode": "managed",
      "type": "random_pet",
      "name": "ssh_key_name",
      "provider": "provider[\"registry.terraform.io/hashicorp/random\"]",
      "instances": [
        {
          "schema_version": 0,
          "attributes": {
            "id": "sshdestinedbeetle",
            "keepers": null,
            "length": 2,
            "prefix": "ssh",
            "separator": ""
          },
          "sensitive_attributes": [],
          "dependencies": [
            "module.ResourceGroup.azurerm_resource_group.rg"
          ]
        }
      ]
    },
    {
      "module": "module.ResourceGroup",
      "mode": "managed",
      "type": "azurerm_resource_group",
      "name": "rg",
      "provider": "provider[\"registry.terraform.io/hashicorp/azurerm\"]",
      "instances": [
        {
          "schema_version": 0,
          "attributes": {
            "id": "/subscriptions/ec8dcf96-6399-4f86-8d74-c9dea945b45d/resourceGroups/Delphi",
            "location": "westeurope",
            "managed_by": "",
            "name": "Delphi",
            "tags": {},
            "timeouts": null
          },
          "sensitive_attributes": [],
          "private": "eyJlMmJmYjczMC1lY2FhLTExZTYtOGY4OC0zNDM2M2JjN2M0YzAiOnsiY3JlYXRlIjo1NDAwMDAwMDAwMDAwLCJkZWxldGUiOjU0MDAwMDAwMDAwMDAsInJlYWQiOjMwMDAwMDAwMDAwMCwidXBkYXRlIjo1NDAwMDAwMDAwMDAwfX0="
        }
      ]
    },
    {
      "module": "module.Webapp",
      "mode": "managed",
      "type": "azurerm_linux_web_app",
      "name": "app",
      "provider": "provider[\"registry.terraform.io/hashicorp/azurerm\"]",
      "instances": [
        {
          "schema_version": 1,
          "attributes": {
            "app_settings": {
              "SOME_KEY": "some-value"
            },
            "auth_settings": [],
            "auth_settings_v2": [],
            "backup": [],
            "client_affinity_enabled": false,
            "client_certificate_enabled": false,
            "client_certificate_exclusion_paths": "",
            "client_certificate_mode": "Required",
            "connection_string": [],
            "custom_domain_verification_id": "87E498D3AE28FF78FDEE179A593A1A71A5B6D300DE812A9EAEE7282A58FAE84D",
            "default_hostname": "webapp-78612345.azurewebsites.net",
            "enabled": true,
            "ftp_publish_basic_authentication_enabled": true,
            "hosting_environment_id": "",
            "https_only": false,
            "id": "/subscriptions/ec8dcf96-6399-4f86-8d74-c9dea945b45d/resourceGroups/Delphi/providers/Microsoft.Web/sites/Webapp-78612345",
            "identity": [],
            "key_vault_reference_identity_id": "SystemAssigned",
            "kind": "app,linux",
            "location": "westeurope",
            "logs": [],
            "name": "Webapp-78612345",
            "outbound_ip_address_list": [
              "20.238.240.222",
              "20.238.240.232",
              "20.238.240.234",
              "20.238.240.236",
              "20.31.47.225",
              "20.31.47.171",
              "20.105.232.16"
            ],
            "outbound_ip_addresses": "20.238.240.222,20.238.240.232,20.238.240.234,20.238.240.236,20.31.47.225,20.31.47.171,20.105.232.16",
            "possible_outbound_ip_address_list": [
              "20.238.240.222",
              "20.238.240.232",
              "20.238.240.234",
              "20.238.240.236",
              "20.31.47.225",
              "20.31.47.171",
              "20.31.43.8",
              "20.31.42.62",
              "20.31.47.232",
              "20.238.240.185",
              "20.238.240.104",
              "20.31.47.235",
              "20.31.47.237",
              "20.31.47.238",
              "20.238.240.149",
              "20.238.240.42",
              "20.238.240.151",
              "20.238.240.153",
              "20.238.240.106",
              "20.123.238.232",
              "20.31.41.31",
              "20.31.45.65",
              "20.31.42.202",
              "20.31.43.51",
              "20.105.232.16"
            ],
            "possible_outbound_ip_addresses": "20.238.240.222,20.238.240.232,20.238.240.234,20.238.240.236,20.31.47.225,20.31.47.171,20.31.43.8,20.31.42.62,20.31.47.232,20.238.240.185,20.238.240.104,20.31.47.235,20.31.47.237,20.31.47.238,20.238.240.149,20.238.240.42,20.238.240.151,20.238.240.153,20.238.240.106,20.123.238.232,20.31.41.31,20.31.45.65,20.31.42.202,20.31.43.51,20.105.232.16",
            "public_network_access_enabled": true,
            "resource_group_name": "Delphi",
            "service_plan_id": "/subscriptions/ec8dcf96-6399-4f86-8d74-c9dea945b45d/resourceGroups/Delphi/providers/Microsoft.Web/serverFarms/Webapp-plan",
            "site_config": [
              {
                "always_on": false,
                "api_definition_url": "",
                "api_management_api_id": "",
                "app_command_line": "",
                "application_stack": [
                  {
                    "docker_image": "",
                    "docker_image_name": "",
                    "docker_image_tag": "",
                    "docker_registry_password": "",
                    "docker_registry_url": "",
                    "docker_registry_username": "",
                    "dotnet_version": "6.0",
                    "go_version": "",
                    "java_server": "",
                    "java_server_version": "",
                    "java_version": "",
                    "node_version": "",
                    "php_version": "",
                    "python_version": "",
                    "ruby_version": ""
                  }
                ],
                "auto_heal_enabled": false,
                "auto_heal_setting": [],
                "container_registry_managed_identity_client_id": "",
                "container_registry_use_managed_identity": false,
                "cors": [],
                "default_documents": [
                  "Default.htm",
                  "Default.html",
                  "Default.asp",
                  "index.htm",
                  "index.html",
                  "iisstart.htm",
                  "default.aspx",
                  "index.php",
                  "hostingstart.html"
                ],
                "detailed_error_logging_enabled": false,
                "ftps_state": "Disabled",
                "health_check_eviction_time_in_min": 0,
                "health_check_path": "",
                "http2_enabled": false,
                "ip_restriction": [],
                "ip_restriction_default_action": "Allow",
                "linux_fx_version": "DOTNETCORE|6.0",
                "load_balancing_mode": "LeastRequests",
                "local_mysql_enabled": false,
                "managed_pipeline_mode": "Integrated",
                "minimum_tls_version": "1.2",
                "remote_debugging_enabled": false,
                "remote_debugging_version": "VS2022",
                "scm_ip_restriction": [],
                "scm_ip_restriction_default_action": "Allow",
                "scm_minimum_tls_version": "1.2",
                "scm_type": "None",
                "scm_use_main_ip_restriction": false,
                "use_32_bit_worker": true,
                "vnet_route_all_enabled": false,
                "websockets_enabled": false,
                "worker_count": 1
              }
            ],
            "site_credential": [
              {
                "name": "$Webapp-78612345",
                "password": "8cJQkMSgpPZykbl2nnRH2fghg9haGuCfvxhrQBJzWRhRwp3mKg8o9n8jiBMG"
              }
            ],
            "sticky_settings": [],
            "storage_account": [],
            "tags": {},
            "timeouts": null,
            "virtual_network_subnet_id": "",
            "webdeploy_publish_basic_authentication_enabled": true,
            "zip_deploy_file": ""
          },
          "sensitive_attributes": [
            [
              {
                "type": "get_attr",
                "value": "site_config"
              },
              {
                "type": "index",
                "value": {
                  "value": 0,
                  "type": "number"
                }
              },
              {
                "type": "get_attr",
                "value": "application_stack"
              },
              {
                "type": "index",
                "value": {
                  "value": 0,
                  "type": "number"
                }
              },
              {
                "type": "get_attr",
                "value": "docker_registry_password"
              }
            ],
            [
              {
                "type": "get_attr",
                "value": "site_credential"
              }
            ],
            [
              {
                "type": "get_attr",
                "value": "custom_domain_verification_id"
              }
            ]
          ],
          "private": "eyJlMmJmYjczMC1lY2FhLTExZTYtOGY4OC0zNDM2M2JjN2M0YzAiOnsiY3JlYXRlIjoxODAwMDAwMDAwMDAwLCJkZWxldGUiOjE4MDAwMDAwMDAwMDAsInJlYWQiOjMwMDAwMDAwMDAwMCwidXBkYXRlIjoxODAwMDAwMDAwMDAwfSwic2NoZW1hX3ZlcnNpb24iOiIxIn0=",
          "dependencies": [
            "module.ResourceGroup.azurerm_resource_group.rg",
            "module.Webapp.azurerm_service_plan.webplan"
          ]
        }
      ]
    },
    {
      "module": "module.Webapp",
      "mode": "managed",
      "type": "azurerm_monitor_autoscale_setting",
      "name": "autscale",
      "provider": "provider[\"registry.terraform.io/hashicorp/azurerm\"]",
      "instances": [
        {
          "schema_version": 2,
          "attributes": {
            "enabled": true,
            "id": "/subscriptions/ec8dcf96-6399-4f86-8d74-c9dea945b45d/resourceGroups/Delphi/providers/Microsoft.Insights/autoScaleSettings/Webapp-autoscale",
            "location": "westeurope",
            "name": "Webapp-autoscale",
            "notification": [
              {
                "email": [
                  {
                    "custom_emails": [
                      "tst@gmail.com"
                    ],
                    "send_to_subscription_administrator": false,
                    "send_to_subscription_co_administrator": false
                  }
                ],
                "webhook": []
              }
            ],
            "predictive": [],
            "profile": [
              {
                "capacity": [
                  {
                    "default": 1,
                    "maximum": 2,
                    "minimum": 1
                  }
                ],
                "fixed_date": [],
                "name": "defaultProfile",
                "recurrence": [],
                "rule": [
                  {
                    "metric_trigger": [
                      {
                        "dimensions": [],
                        "divide_by_instance_count": false,
                        "metric_name": "CpuPercentage",
                        "metric_namespace": "",
                        "metric_resource_id": "/subscriptions/ec8dcf96-6399-4f86-8d74-c9dea945b45d/resourceGroups/Delphi/providers/Microsoft.Web/serverFarms/Webapp-plan",
                        "operator": "GreaterThan",
                        "statistic": "Average",
                        "threshold": 5,
                        "time_aggregation": "Average",
                        "time_grain": "PT1M",
                        "time_window": "PT5M"
                      }
                    ],
                    "scale_action": [
                      {
                        "cooldown": "PT1M",
                        "direction": "Increase",
                        "type": "ChangeCount",
                        "value": 1
                      }
                    ]
                  },
                  {
                    "metric_trigger": [
                      {
                        "dimensions": [],
                        "divide_by_instance_count": false,
                        "metric_name": "CpuPercentage",
                        "metric_namespace": "",
                        "metric_resource_id": "/subscriptions/ec8dcf96-6399-4f86-8d74-c9dea945b45d/resourceGroups/Delphi/providers/Microsoft.Web/serverFarms/Webapp-plan",
                        "operator": "LessThan",
                        "statistic": "Average",
                        "threshold": 80,
                        "time_aggregation": "Average",
                        "time_grain": "PT1M",
                        "time_window": "PT5M"
                      }
                    ],
                    "scale_action": [
                      {
                        "cooldown": "PT1M",
                        "direction": "Decrease",
                        "type": "ChangeCount",
                        "value": 1
                      }
                    ]
                  }
                ]
              }
            ],
            "resource_group_name": "Delphi",
            "tags": {},
            "target_resource_id": "/subscriptions/ec8dcf96-6399-4f86-8d74-c9dea945b45d/resourceGroups/Delphi/providers/Microsoft.Web/serverFarms/Webapp-plan",
            "timeouts": null
          },
          "sensitive_attributes": [],
          "private": "eyJlMmJmYjczMC1lY2FhLTExZTYtOGY4OC0zNDM2M2JjN2M0YzAiOnsiY3JlYXRlIjoxODAwMDAwMDAwMDAwLCJkZWxldGUiOjE4MDAwMDAwMDAwMDAsInJlYWQiOjMwMDAwMDAwMDAwMCwidXBkYXRlIjoxODAwMDAwMDAwMDAwfSwic2NoZW1hX3ZlcnNpb24iOiIyIn0=",
          "dependencies": [
            "module.ResourceGroup.azurerm_resource_group.rg",
            "module.Webapp.azurerm_service_plan.webplan"
          ]
        }
      ]
    },
    {
      "module": "module.Webapp",
      "mode": "managed",
      "type": "azurerm_service_plan",
      "name": "webplan",
      "provider": "provider[\"registry.terraform.io/hashicorp/azurerm\"]",
      "instances": [
        {
          "schema_version": 1,
          "attributes": {
            "app_service_environment_id": "",
            "id": "/subscriptions/ec8dcf96-6399-4f86-8d74-c9dea945b45d/resourceGroups/Delphi/providers/Microsoft.Web/serverFarms/Webapp-plan",
            "kind": "linux",
            "location": "westeurope",
            "maximum_elastic_worker_count": 2,
            "name": "Webapp-plan",
            "os_type": "Linux",
            "per_site_scaling_enabled": false,
            "reserved": true,
            "resource_group_name": "Delphi",
            "sku_name": "S1",
            "tags": {},
            "timeouts": null,
            "worker_count": 2,
            "zone_balancing_enabled": false
          },
          "sensitive_attributes": [],
          "private": "eyJlMmJmYjczMC1lY2FhLTExZTYtOGY4OC0zNDM2M2JjN2M0YzAiOnsiY3JlYXRlIjozNjAwMDAwMDAwMDAwLCJkZWxldGUiOjM2MDAwMDAwMDAwMDAsInJlYWQiOjMwMDAwMDAwMDAwMCwidXBkYXRlIjozNjAwMDAwMDAwMDAwfSwic2NoZW1hX3ZlcnNpb24iOiIxIn0=",
          "dependencies": [
            "module.ResourceGroup.azurerm_resource_group.rg"
          ]
        }
      ]
    },
    {
      "module": "module.keyvault",
      "mode": "data",
      "type": "azurerm_client_config",
      "name": "current",
      "provider": "provider[\"registry.terraform.io/hashicorp/azurerm\"]",
      "instances": [
        {
          "schema_version": 0,
          "attributes": {
            "client_id": "04b07795-8ddb-461a-bbee-02f9e1bf7b46",
            "id": "Y2xpZW50Q29uZmlncy9jbGllbnRJZD0wNGIwNzc5NS04ZGRiLTQ2MWEtYmJlZS0wMmY5ZTFiZjdiNDY7b2JqZWN0SWQ9OWU2ODMxZDMtZTNiNi00YTUwLTk1NzItYjI0YjVlNmM4YmU0O3N1YnNjcmlwdGlvbklkPWVjOGRjZjk2LTYzOTktNGY4Ni04ZDc0LWM5ZGVhOTQ1YjQ1ZDt0ZW5hbnRJZD01Yjk3M2Y5OS03N2RmLTRiZWItYjI3ZC1hYTBjNzBiODQ4MmM=",
            "object_id": "9e6831d3-e3b6-4a50-9572-b24b5e6c8be4",
            "subscription_id": "ec8dcf96-6399-4f86-8d74-c9dea945b45d",
            "tenant_id": "5b973f99-77df-4beb-b27d-aa0c70b8482c",
            "timeouts": null
          },
          "sensitive_attributes": []
        }
      ]
    },
    {
      "module": "module.keyvault",
      "mode": "managed",
      "type": "azurerm_key_vault",
      "name": "keyvault",
      "provider": "provider[\"registry.terraform.io/hashicorp/azurerm\"]",
      "instances": [
        {
          "schema_version": 2,
          "attributes": {
            "access_policy": [
              {
                "application_id": "",
                "certificate_permissions": [],
                "key_permissions": [
                  "Get"
                ],
                "object_id": "9e6831d3-e3b6-4a50-9572-b24b5e6c8be4",
                "secret_permissions": [
                  "Get",
                  "List",
                  "Set",
                  "Delete"
                ],
                "storage_permissions": [
                  "Get"
                ],
                "tenant_id": "5b973f99-77df-4beb-b27d-aa0c70b8482c"
              }
            ],
            "contact": [],
            "enable_rbac_authorization": false,
            "enabled_for_deployment": false,
            "enabled_for_disk_encryption": false,
            "enabled_for_template_deployment": false,
            "id": "/subscriptions/ec8dcf96-6399-4f86-8d74-c9dea945b45d/resourceGroups/Delphi/providers/Microsoft.KeyVault/vaults/demokv01090786",
            "location": "westeurope",
            "name": "demokv01090786",
            "network_acls": [
              {
                "bypass": "AzureServices",
                "default_action": "Allow",
                "ip_rules": [],
                "virtual_network_subnet_ids": []
              }
            ],
            "public_network_access_enabled": true,
            "purge_protection_enabled": false,
            "resource_group_name": "Delphi",
            "sku_name": "standard",
            "soft_delete_retention_days": 7,
            "tags": {},
            "tenant_id": "5b973f99-77df-4beb-b27d-aa0c70b8482c",
            "timeouts": null,
            "vault_uri": "https://demokv01090786.vault.azure.net/"
          },
          "sensitive_attributes": [],
          "private": "eyJlMmJmYjczMC1lY2FhLTExZTYtOGY4OC0zNDM2M2JjN2M0YzAiOnsiY3JlYXRlIjoxODAwMDAwMDAwMDAwLCJkZWxldGUiOjE4MDAwMDAwMDAwMDAsInJlYWQiOjMwMDAwMDAwMDAwMCwidXBkYXRlIjoxODAwMDAwMDAwMDAwfSwic2NoZW1hX3ZlcnNpb24iOiIyIn0=",
          "dependencies": [
            "module.ResourceGroup.azurerm_resource_group.rg",
            "module.keyvault.data.azurerm_client_config.current"
          ]
        }
      ]
    },
    {
      "module": "module.keyvault",
      "mode": "managed",
      "type": "azurerm_key_vault_secret",
      "name": "db-pwd",
      "provider": "provider[\"registry.terraform.io/hashicorp/azurerm\"]",
      "instances": [
        {
          "schema_version": 0,
          "attributes": {
            "content_type": "",
            "expiration_date": null,
            "id": "https://demokv01090786.vault.azure.net/secrets/DatabasePassword/db0a6163892b4432965d4c572c22c482",
            "key_vault_id": "/subscriptions/ec8dcf96-6399-4f86-8d74-c9dea945b45d/resourceGroups/Delphi/providers/Microsoft.KeyVault/vaults/demokv01090786",
            "name": "DatabasePassword",
            "not_before_date": null,
            "resource_id": "/subscriptions/ec8dcf96-6399-4f86-8d74-c9dea945b45d/resourceGroups/Delphi/providers/Microsoft.KeyVault/vaults/demokv01090786/secrets/DatabasePassword/versions/db0a6163892b4432965d4c572c22c482",
            "resource_versionless_id": "/subscriptions/ec8dcf96-6399-4f86-8d74-c9dea945b45d/resourceGroups/Delphi/providers/Microsoft.KeyVault/vaults/demokv01090786/secrets/DatabasePassword",
            "tags": {},
            "timeouts": null,
            "value": "@Aa123456789!",
            "version": "db0a6163892b4432965d4c572c22c482",
            "versionless_id": "https://demokv01090786.vault.azure.net/secrets/DatabasePassword"
          },
          "sensitive_attributes": [
            [
              {
                "type": "get_attr",
                "value": "value"
              }
            ]
          ],
          "private": "eyJlMmJmYjczMC1lY2FhLTExZTYtOGY4OC0zNDM2M2JjN2M0YzAiOnsiY3JlYXRlIjoxODAwMDAwMDAwMDAwLCJkZWxldGUiOjE4MDAwMDAwMDAwMDAsInJlYWQiOjE4MDAwMDAwMDAwMDAsInVwZGF0ZSI6MTgwMDAwMDAwMDAwMH19",
          "dependencies": [
            "module.ResourceGroup.azurerm_resource_group.rg",
            "module.keyvault.azurerm_key_vault.keyvault",
            "module.keyvault.data.azurerm_client_config.current"
          ]
        }
      ]
    }
  ],
  "check_results": [
    {
      "object_kind": "var",
      "config_addr": "module.ACR.var.sku",
      "status": "pass",
      "objects": [
        {
          "object_addr": "module.ACR.var.sku",
          "status": "pass"
        }
      ]
    },
    {
      "object_kind": "var",
      "config_addr": "module.ACR.var.georeplications",
      "status": "pass",
      "objects": [
        {
          "object_addr": "module.ACR.var.georeplications",
          "status": "pass"
        }
      ]
    },
    {
      "object_kind": "resource",
      "config_addr": "module.ACR.azurerm_container_registry.this",
      "status": "pass",
      "objects": [
        {
          "object_addr": "module.ACR.azurerm_container_registry.this",
          "status": "pass"
        }
      ]
    }
  ]
}
