{
  "version": 4,
  "terraform_version": "1.9.2",
  "serial": 39,
  "lineage": "f2a61e01-a066-24c9-d6d0-162b72c57362",
  "outputs": {},
  "resources": [
    {
      "module": "module.ResourceGroup",
      "mode": "managed",
      "type": "azurerm_resource_group",
      "name": "rg",
      "provider": "provider[\"registry.terraform.io/hashicorp/azurerm\"]",
      "instances": [
        {
          "schema_version": 0,
          "attributes": {
            "id": "/subscriptions/ec8dcf96-6399-4f86-8d74-c9dea945b45d/resourceGroups/Delphi",
            "location": "westeurope",
            "managed_by": "",
            "name": "Delphi",
            "tags": {},
            "timeouts": null
          },
          "sensitive_attributes": [],
          "private": "eyJlMmJmYjczMC1lY2FhLTExZTYtOGY4OC0zNDM2M2JjN2M0YzAiOnsiY3JlYXRlIjo1NDAwMDAwMDAwMDAwLCJkZWxldGUiOjU0MDAwMDAwMDAwMDAsInJlYWQiOjMwMDAwMDAwMDAwMCwidXBkYXRlIjo1NDAwMDAwMDAwMDAwfX0="
        }
      ]
    },
    {
      "module": "module.keyvault",
      "mode": "data",
      "type": "azurerm_client_config",
      "name": "current",
      "provider": "provider[\"registry.terraform.io/hashicorp/azurerm\"]",
      "instances": [
        {
          "schema_version": 0,
          "attributes": {
            "client_id": "04b07795-8ddb-461a-bbee-02f9e1bf7b46",
            "id": "Y2xpZW50Q29uZmlncy9jbGllbnRJZD0wNGIwNzc5NS04ZGRiLTQ2MWEtYmJlZS0wMmY5ZTFiZjdiNDY7b2JqZWN0SWQ9OWU2ODMxZDMtZTNiNi00YTUwLTk1NzItYjI0YjVlNmM4YmU0O3N1YnNjcmlwdGlvbklkPWVjOGRjZjk2LTYzOTktNGY4Ni04ZDc0LWM5ZGVhOTQ1YjQ1ZDt0ZW5hbnRJZD01Yjk3M2Y5OS03N2RmLTRiZWItYjI3ZC1hYTBjNzBiODQ4MmM=",
            "object_id": "9e6831d3-e3b6-4a50-9572-b24b5e6c8be4",
            "subscription_id": "ec8dcf96-6399-4f86-8d74-c9dea945b45d",
            "tenant_id": "5b973f99-77df-4beb-b27d-aa0c70b8482c",
            "timeouts": null
          },
          "sensitive_attributes": []
        }
      ]
    },
    {
      "module": "module.keyvault",
      "mode": "managed",
      "type": "azurerm_key_vault",
      "name": "keyvault",
      "provider": "provider[\"registry.terraform.io/hashicorp/azurerm\"]",
      "instances": [
        {
          "schema_version": 2,
          "attributes": {
            "access_policy": [
              {
                "application_id": "",
                "certificate_permissions": [],
                "key_permissions": [
                  "Get"
                ],
                "object_id": "9e6831d3-e3b6-4a50-9572-b24b5e6c8be4",
                "secret_permissions": [
                  "Get",
                  "List",
                  "Set",
                  "Delete"
                ],
                "storage_permissions": [
                  "Get"
                ],
                "tenant_id": "5b973f99-77df-4beb-b27d-aa0c70b8482c"
              }
            ],
            "contact": [],
            "enable_rbac_authorization": false,
            "enabled_for_deployment": false,
            "enabled_for_disk_encryption": false,
            "enabled_for_template_deployment": false,
            "id": "/subscriptions/ec8dcf96-6399-4f86-8d74-c9dea945b45d/resourceGroups/Delphi/providers/Microsoft.KeyVault/vaults/demokv01090786",
            "location": "westeurope",
            "name": "demokv01090786",
            "network_acls": [
              {
                "bypass": "AzureServices",
                "default_action": "Allow",
                "ip_rules": [],
                "virtual_network_subnet_ids": []
              }
            ],
            "public_network_access_enabled": true,
            "purge_protection_enabled": false,
            "resource_group_name": "Delphi",
            "sku_name": "standard",
            "soft_delete_retention_days": 7,
            "tags": {},
            "tenant_id": "5b973f99-77df-4beb-b27d-aa0c70b8482c",
            "timeouts": null,
            "vault_uri": "https://demokv01090786.vault.azure.net/"
          },
          "sensitive_attributes": [],
          "private": "eyJlMmJmYjczMC1lY2FhLTExZTYtOGY4OC0zNDM2M2JjN2M0YzAiOnsiY3JlYXRlIjoxODAwMDAwMDAwMDAwLCJkZWxldGUiOjE4MDAwMDAwMDAwMDAsInJlYWQiOjMwMDAwMDAwMDAwMCwidXBkYXRlIjoxODAwMDAwMDAwMDAwfSwic2NoZW1hX3ZlcnNpb24iOiIyIn0=",
          "dependencies": [
            "module.ResourceGroup.azurerm_resource_group.rg",
            "module.keyvault.data.azurerm_client_config.current"
          ]
        }
      ]
    },
    {
      "module": "module.keyvault",
      "mode": "managed",
      "type": "azurerm_key_vault_secret",
      "name": "db-pwd",
      "provider": "provider[\"registry.terraform.io/hashicorp/azurerm\"]",
      "instances": [
        {
          "schema_version": 0,
          "attributes": {
            "content_type": "",
            "expiration_date": null,
            "id": "https://demokv01090786.vault.azure.net/secrets/DatabasePassword/db0a6163892b4432965d4c572c22c482",
            "key_vault_id": "/subscriptions/ec8dcf96-6399-4f86-8d74-c9dea945b45d/resourceGroups/Delphi/providers/Microsoft.KeyVault/vaults/demokv01090786",
            "name": "DatabasePassword",
            "not_before_date": null,
            "resource_id": "/subscriptions/ec8dcf96-6399-4f86-8d74-c9dea945b45d/resourceGroups/Delphi/providers/Microsoft.KeyVault/vaults/demokv01090786/secrets/DatabasePassword/versions/db0a6163892b4432965d4c572c22c482",
            "resource_versionless_id": "/subscriptions/ec8dcf96-6399-4f86-8d74-c9dea945b45d/resourceGroups/Delphi/providers/Microsoft.KeyVault/vaults/demokv01090786/secrets/DatabasePassword",
            "tags": {},
            "timeouts": null,
            "value": "@Aa123456789!",
            "version": "db0a6163892b4432965d4c572c22c482",
            "versionless_id": "https://demokv01090786.vault.azure.net/secrets/DatabasePassword"
          },
          "sensitive_attributes": [
            [
              {
                "type": "get_attr",
                "value": "value"
              }
            ]
          ],
          "private": "eyJlMmJmYjczMC1lY2FhLTExZTYtOGY4OC0zNDM2M2JjN2M0YzAiOnsiY3JlYXRlIjoxODAwMDAwMDAwMDAwLCJkZWxldGUiOjE4MDAwMDAwMDAwMDAsInJlYWQiOjE4MDAwMDAwMDAwMDAsInVwZGF0ZSI6MTgwMDAwMDAwMDAwMH19",
          "dependencies": [
            "module.ResourceGroup.azurerm_resource_group.rg",
            "module.keyvault.azurerm_key_vault.keyvault",
            "module.keyvault.data.azurerm_client_config.current"
          ]
        }
      ]
    }
  ],
  "check_results": [
    {
      "object_kind": "resource",
      "config_addr": "module.ACR.azurerm_container_registry.this",
      "status": "unknown",
      "objects": null
    },
    {
      "object_kind": "var",
      "config_addr": "module.ACR.var.georeplications",
      "status": "unknown",
      "objects": [
        {
          "object_addr": "module.ACR.var.georeplications",
          "status": "unknown"
        }
      ]
    },
    {
      "object_kind": "var",
      "config_addr": "module.ACR.var.sku",
      "status": "unknown",
      "objects": [
        {
          "object_addr": "module.ACR.var.sku",
          "status": "unknown"
        }
      ]
    }
  ]
}
